
Microsoft Visual Studio Solution File, Format Version 12.00
# Visual Studio Version 16
VisualStudioVersion = 16.0.31402.337
MinimumVisualStudioVersion = 10.0.40219.1
Project("{FAE04EC0-301F-11D3-BF4B-00C04F79EFBC}") = "OddEvenSum", "OddEvenSum\OddEvenSum.csproj", "{1DE3331C-EF8F-45B3-A13B-54D07D78053E}"
EndProject
Global
	GlobalSection(SolutionConfigurationPlatforms) = preSolution
		Debug|Any CPU = Debug|Any CPU
		Release|Any CPU = Release|Any CPU
	EndGlobalSection
	GlobalSection(ProjectConfigurationPlatforms) = postSolution
		{1DE3331C-EF8F-45B3-A13B-54D07D78053E}.Debug|Any CPU.ActiveCfg = Debug|Any CPU
		{1DE3331C-EF8F-45B3-A13B-54D07D78053E}.Debug|Any CPU.Build.0 = Debug|Any CPU
		{1DE3331C-EF8F-45B3-A13B-54D07D78053E}.Release|Any CPU.ActiveCfg = Release|Any CPU
		{1DE3331C-EF8F-45B3-A13B-54D07D78053E}.Release|Any CPU.Build.0 = Release|Any CPU
	EndGlobalSection
	GlobalSection(SolutionProperties) = preSolution
		HideSolutionNode = FALSE
	EndGlobalSection
	GlobalSection(ExtensibilityGlobals) = postSolution
		SolutionGuid = {52403B92-C4A5-4243-A087-08CCCB7F81EE}
	EndGlobalSection
EndGlobal
