
Microsoft Visual Studio Solution File, Format Version 12.00
# Visual Studio Version 16
VisualStudioVersion = 16.0.32002.261
MinimumVisualStudioVersion = 10.0.40219.1
Project("{FAE04EC0-301F-11D3-BF4B-00C04F79EFBC}") = "01. Train", "01. Train\01. Train.csproj", "{79A4B6BF-6A94-4D18-BECD-A4D162FD94BB}"
EndProject
Global
	GlobalSection(SolutionConfigurationPlatforms) = preSolution
		Debug|Any CPU = Debug|Any CPU
		Release|Any CPU = Release|Any CPU
	EndGlobalSection
	GlobalSection(ProjectConfigurationPlatforms) = postSolution
		{79A4B6BF-6A94-4D18-BECD-A4D162FD94BB}.Debug|Any CPU.ActiveCfg = Debug|Any CPU
		{79A4B6BF-6A94-4D18-BECD-A4D162FD94BB}.Debug|Any CPU.Build.0 = Debug|Any CPU
		{79A4B6BF-6A94-4D18-BECD-A4D162FD94BB}.Release|Any CPU.ActiveCfg = Release|Any CPU
		{79A4B6BF-6A94-4D18-BECD-A4D162FD94BB}.Release|Any CPU.Build.0 = Release|Any CPU
	EndGlobalSection
	GlobalSection(SolutionProperties) = preSolution
		HideSolutionNode = FALSE
	EndGlobalSection
	GlobalSection(ExtensibilityGlobals) = postSolution
		SolutionGuid = {DD007E53-7330-4028-8331-617222349882}
	EndGlobalSection
EndGlobal
