
Microsoft Visual Studio Solution File, Format Version 12.00
# Visual Studio Version 16
VisualStudioVersion = 16.0.31402.337
MinimumVisualStudioVersion = 10.0.40219.1
Project("{FAE04EC0-301F-11D3-BF4B-00C04F79EFBC}") = "MaidenParty", "MaidenParty\MaidenParty.csproj", "{220028B5-6A70-463E-B13B-6164DA1E459A}"
EndProject
Global
	GlobalSection(SolutionConfigurationPlatforms) = preSolution
		Debug|Any CPU = Debug|Any CPU
		Release|Any CPU = Release|Any CPU
	EndGlobalSection
	GlobalSection(ProjectConfigurationPlatforms) = postSolution
		{220028B5-6A70-463E-B13B-6164DA1E459A}.Debug|Any CPU.ActiveCfg = Debug|Any CPU
		{220028B5-6A70-463E-B13B-6164DA1E459A}.Debug|Any CPU.Build.0 = Debug|Any CPU
		{220028B5-6A70-463E-B13B-6164DA1E459A}.Release|Any CPU.ActiveCfg = Release|Any CPU
		{220028B5-6A70-463E-B13B-6164DA1E459A}.Release|Any CPU.Build.0 = Release|Any CPU
	EndGlobalSection
	GlobalSection(SolutionProperties) = preSolution
		HideSolutionNode = FALSE
	EndGlobalSection
	GlobalSection(ExtensibilityGlobals) = postSolution
		SolutionGuid = {8CDAEDC5-5546-4BCB-9A0F-E594451B57E4}
	EndGlobalSection
EndGlobal
