
Microsoft Visual Studio Solution File, Format Version 12.00
# Visual Studio Version 16
VisualStudioVersion = 16.0.32510.428
MinimumVisualStudioVersion = 10.0.40219.1
Project("{FAE04EC0-301F-11D3-BF4B-00C04F79EFBC}") = "PersonInfo", "PersonInfo\PersonInfo.csproj", "{46EA75AA-AF9A-4A14-AB5D-482180B0EB15}"
EndProject
Project("{FAE04EC0-301F-11D3-BF4B-00C04F79EFBC}") = "03.Telephony", "03.Telephony\03.Telephony.csproj", "{6324DAD4-2F86-40BC-8722-C06B5ED36016}"
EndProject
Project("{FAE04EC0-301F-11D3-BF4B-00C04F79EFBC}") = "04.BorderControl", "04.BorderControl\04.BorderControl.csproj", "{36B0384B-BCC7-496E-B6D7-0C789BA14877}"
EndProject
Project("{FAE04EC0-301F-11D3-BF4B-00C04F79EFBC}") = "05.BirthdayCelebrations", "05.BirthdayCelebrations\05.BirthdayCelebrations.csproj", "{B7F4D638-1F20-4A76-AFF1-58B2513AE9F4}"
EndProject
Project("{FAE04EC0-301F-11D3-BF4B-00C04F79EFBC}") = "06.FoodShortage", "06.FoodShortage\06.FoodShortage.csproj", "{DA90B0A1-8735-4455-84C2-FA447D816172}"
EndProject
Project("{FAE04EC0-301F-11D3-BF4B-00C04F79EFBC}") = "07.MilitaryElite", "07.MilitaryElite\07.MilitaryElite.csproj", "{3EEAAFD5-0570-4085-B7F0-BE02FA02A625}"
EndProject
Global
	GlobalSection(SolutionConfigurationPlatforms) = preSolution
		Debug|Any CPU = Debug|Any CPU
		Release|Any CPU = Release|Any CPU
	EndGlobalSection
	GlobalSection(ProjectConfigurationPlatforms) = postSolution
		{46EA75AA-AF9A-4A14-AB5D-482180B0EB15}.Debug|Any CPU.ActiveCfg = Debug|Any CPU
		{46EA75AA-AF9A-4A14-AB5D-482180B0EB15}.Debug|Any CPU.Build.0 = Debug|Any CPU
		{46EA75AA-AF9A-4A14-AB5D-482180B0EB15}.Release|Any CPU.ActiveCfg = Release|Any CPU
		{46EA75AA-AF9A-4A14-AB5D-482180B0EB15}.Release|Any CPU.Build.0 = Release|Any CPU
		{6324DAD4-2F86-40BC-8722-C06B5ED36016}.Debug|Any CPU.ActiveCfg = Debug|Any CPU
		{6324DAD4-2F86-40BC-8722-C06B5ED36016}.Debug|Any CPU.Build.0 = Debug|Any CPU
		{6324DAD4-2F86-40BC-8722-C06B5ED36016}.Release|Any CPU.ActiveCfg = Release|Any CPU
		{6324DAD4-2F86-40BC-8722-C06B5ED36016}.Release|Any CPU.Build.0 = Release|Any CPU
		{36B0384B-BCC7-496E-B6D7-0C789BA14877}.Debug|Any CPU.ActiveCfg = Debug|Any CPU
		{36B0384B-BCC7-496E-B6D7-0C789BA14877}.Debug|Any CPU.Build.0 = Debug|Any CPU
		{36B0384B-BCC7-496E-B6D7-0C789BA14877}.Release|Any CPU.ActiveCfg = Release|Any CPU
		{36B0384B-BCC7-496E-B6D7-0C789BA14877}.Release|Any CPU.Build.0 = Release|Any CPU
		{B7F4D638-1F20-4A76-AFF1-58B2513AE9F4}.Debug|Any CPU.ActiveCfg = Debug|Any CPU
		{B7F4D638-1F20-4A76-AFF1-58B2513AE9F4}.Debug|Any CPU.Build.0 = Debug|Any CPU
		{B7F4D638-1F20-4A76-AFF1-58B2513AE9F4}.Release|Any CPU.ActiveCfg = Release|Any CPU
		{B7F4D638-1F20-4A76-AFF1-58B2513AE9F4}.Release|Any CPU.Build.0 = Release|Any CPU
		{DA90B0A1-8735-4455-84C2-FA447D816172}.Debug|Any CPU.ActiveCfg = Debug|Any CPU
		{DA90B0A1-8735-4455-84C2-FA447D816172}.Debug|Any CPU.Build.0 = Debug|Any CPU
		{DA90B0A1-8735-4455-84C2-FA447D816172}.Release|Any CPU.ActiveCfg = Release|Any CPU
		{DA90B0A1-8735-4455-84C2-FA447D816172}.Release|Any CPU.Build.0 = Release|Any CPU
		{3EEAAFD5-0570-4085-B7F0-BE02FA02A625}.Debug|Any CPU.ActiveCfg = Debug|Any CPU
		{3EEAAFD5-0570-4085-B7F0-BE02FA02A625}.Debug|Any CPU.Build.0 = Debug|Any CPU
		{3EEAAFD5-0570-4085-B7F0-BE02FA02A625}.Release|Any CPU.ActiveCfg = Release|Any CPU
		{3EEAAFD5-0570-4085-B7F0-BE02FA02A625}.Release|Any CPU.Build.0 = Release|Any CPU
	EndGlobalSection
	GlobalSection(SolutionProperties) = preSolution
		HideSolutionNode = FALSE
	EndGlobalSection
	GlobalSection(ExtensibilityGlobals) = postSolution
		SolutionGuid = {F5C530F9-61E0-40B1-8490-4B666A9F5066}
	EndGlobalSection
EndGlobal
