
Microsoft Visual Studio Solution File, Format Version 12.00
# Visual Studio Version 16
VisualStudioVersion = 16.0.31402.337
MinimumVisualStudioVersion = 10.0.40219.1
Project("{FAE04EC0-301F-11D3-BF4B-00C04F79EFBC}") = "GreetingbyName", "GreetingbyName\GreetingbyName.csproj", "{3A333988-FB52-418F-A417-E54F5270D4FD}"
EndProject
Global
	GlobalSection(SolutionConfigurationPlatforms) = preSolution
		Debug|Any CPU = Debug|Any CPU
		Release|Any CPU = Release|Any CPU
	EndGlobalSection
	GlobalSection(ProjectConfigurationPlatforms) = postSolution
		{3A333988-FB52-418F-A417-E54F5270D4FD}.Debug|Any CPU.ActiveCfg = Debug|Any CPU
		{3A333988-FB52-418F-A417-E54F5270D4FD}.Debug|Any CPU.Build.0 = Debug|Any CPU
		{3A333988-FB52-418F-A417-E54F5270D4FD}.Release|Any CPU.ActiveCfg = Release|Any CPU
		{3A333988-FB52-418F-A417-E54F5270D4FD}.Release|Any CPU.Build.0 = Release|Any CPU
	EndGlobalSection
	GlobalSection(SolutionProperties) = preSolution
		HideSolutionNode = FALSE
	EndGlobalSection
	GlobalSection(ExtensibilityGlobals) = postSolution
		SolutionGuid = {2CB6BECB-87F2-4772-B5FA-309EA00CB1FE}
	EndGlobalSection
EndGlobal
