
Microsoft Visual Studio Solution File, Format Version 12.00
# Visual Studio Version 16
VisualStudioVersion = 16.0.32002.261
MinimumVisualStudioVersion = 10.0.40219.1
Project("{FAE04EC0-301F-11D3-BF4B-00C04F79EFBC}") = "SumOfOddNumbers", "SumOfOddNumbers\SumOfOddNumbers.csproj", "{19E0E726-4D82-4D12-8F14-C2B90A171C1E}"
EndProject
Global
	GlobalSection(SolutionConfigurationPlatforms) = preSolution
		Debug|Any CPU = Debug|Any CPU
		Release|Any CPU = Release|Any CPU
	EndGlobalSection
	GlobalSection(ProjectConfigurationPlatforms) = postSolution
		{19E0E726-4D82-4D12-8F14-C2B90A171C1E}.Debug|Any CPU.ActiveCfg = Debug|Any CPU
		{19E0E726-4D82-4D12-8F14-C2B90A171C1E}.Debug|Any CPU.Build.0 = Debug|Any CPU
		{19E0E726-4D82-4D12-8F14-C2B90A171C1E}.Release|Any CPU.ActiveCfg = Release|Any CPU
		{19E0E726-4D82-4D12-8F14-C2B90A171C1E}.Release|Any CPU.Build.0 = Release|Any CPU
	EndGlobalSection
	GlobalSection(SolutionProperties) = preSolution
		HideSolutionNode = FALSE
	EndGlobalSection
	GlobalSection(ExtensibilityGlobals) = postSolution
		SolutionGuid = {22C364CF-E01A-41CA-8674-7FF9C7433D89}
	EndGlobalSection
EndGlobal
