
Microsoft Visual Studio Solution File, Format Version 12.00
# Visual Studio Version 16
VisualStudioVersion = 16.0.32126.315
MinimumVisualStudioVersion = 10.0.40219.1
Project("{FAE04EC0-301F-11D3-BF4B-00C04F79EFBC}") = "04. Caesar Cipher", "04. Caesar Cipher\04. Caesar Cipher.csproj", "{C38CB553-2DF6-438A-A2EC-C9FA8A1FCCB7}"
EndProject
Global
	GlobalSection(SolutionConfigurationPlatforms) = preSolution
		Debug|Any CPU = Debug|Any CPU
		Release|Any CPU = Release|Any CPU
	EndGlobalSection
	GlobalSection(ProjectConfigurationPlatforms) = postSolution
		{C38CB553-2DF6-438A-A2EC-C9FA8A1FCCB7}.Debug|Any CPU.ActiveCfg = Debug|Any CPU
		{C38CB553-2DF6-438A-A2EC-C9FA8A1FCCB7}.Debug|Any CPU.Build.0 = Debug|Any CPU
		{C38CB553-2DF6-438A-A2EC-C9FA8A1FCCB7}.Release|Any CPU.ActiveCfg = Release|Any CPU
		{C38CB553-2DF6-438A-A2EC-C9FA8A1FCCB7}.Release|Any CPU.Build.0 = Release|Any CPU
	EndGlobalSection
	GlobalSection(SolutionProperties) = preSolution
		HideSolutionNode = FALSE
	EndGlobalSection
	GlobalSection(ExtensibilityGlobals) = postSolution
		SolutionGuid = {97AC4E5E-C5E5-411D-A725-B6BB7D30C9F0}
	EndGlobalSection
EndGlobal
