
Microsoft Visual Studio Solution File, Format Version 12.00
# Visual Studio Version 16
VisualStudioVersion = 16.0.32002.261
MinimumVisualStudioVersion = 10.0.40219.1
Project("{FAE04EC0-301F-11D3-BF4B-00C04F79EFBC}") = "TheatrePromotion", "TheatrePromotion\TheatrePromotion.csproj", "{80FCF68E-5398-40EC-90F5-6DFE630C2A8A}"
EndProject
Global
	GlobalSection(SolutionConfigurationPlatforms) = preSolution
		Debug|Any CPU = Debug|Any CPU
		Release|Any CPU = Release|Any CPU
	EndGlobalSection
	GlobalSection(ProjectConfigurationPlatforms) = postSolution
		{80FCF68E-5398-40EC-90F5-6DFE630C2A8A}.Debug|Any CPU.ActiveCfg = Debug|Any CPU
		{80FCF68E-5398-40EC-90F5-6DFE630C2A8A}.Debug|Any CPU.Build.0 = Debug|Any CPU
		{80FCF68E-5398-40EC-90F5-6DFE630C2A8A}.Release|Any CPU.ActiveCfg = Release|Any CPU
		{80FCF68E-5398-40EC-90F5-6DFE630C2A8A}.Release|Any CPU.Build.0 = Release|Any CPU
	EndGlobalSection
	GlobalSection(SolutionProperties) = preSolution
		HideSolutionNode = FALSE
	EndGlobalSection
	GlobalSection(ExtensibilityGlobals) = postSolution
		SolutionGuid = {3BCE9999-EA80-4EE8-8D14-E6A29197250F}
	EndGlobalSection
EndGlobal
