
Microsoft Visual Studio Solution File, Format Version 12.00
# Visual Studio Version 16
VisualStudioVersion = 16.0.32002.261
MinimumVisualStudioVersion = 10.0.40219.1
Project("{FAE04EC0-301F-11D3-BF4B-00C04F79EFBC}") = "04. Printing Triangle", "04. Printing Triangle\04. Printing Triangle.csproj", "{C7641E33-A8CC-459B-8490-5D774C8088D8}"
EndProject
Global
	GlobalSection(SolutionConfigurationPlatforms) = preSolution
		Debug|Any CPU = Debug|Any CPU
		Release|Any CPU = Release|Any CPU
	EndGlobalSection
	GlobalSection(ProjectConfigurationPlatforms) = postSolution
		{C7641E33-A8CC-459B-8490-5D774C8088D8}.Debug|Any CPU.ActiveCfg = Debug|Any CPU
		{C7641E33-A8CC-459B-8490-5D774C8088D8}.Debug|Any CPU.Build.0 = Debug|Any CPU
		{C7641E33-A8CC-459B-8490-5D774C8088D8}.Release|Any CPU.ActiveCfg = Release|Any CPU
		{C7641E33-A8CC-459B-8490-5D774C8088D8}.Release|Any CPU.Build.0 = Release|Any CPU
	EndGlobalSection
	GlobalSection(SolutionProperties) = preSolution
		HideSolutionNode = FALSE
	EndGlobalSection
	GlobalSection(ExtensibilityGlobals) = postSolution
		SolutionGuid = {3A37B2D2-2673-4D5C-A0F7-A932A47B71A5}
	EndGlobalSection
EndGlobal
