
Microsoft Visual Studio Solution File, Format Version 12.00
# Visual Studio Version 16
VisualStudioVersion = 16.0.32002.261
MinimumVisualStudioVersion = 10.0.40219.1
Project("{FAE04EC0-301F-11D3-BF4B-00C04F79EFBC}") = "PrintAndSum", "PrintAndSum\PrintAndSum.csproj", "{1E9968ED-3EF3-4E57-B276-6E69C438598A}"
EndProject
Global
	GlobalSection(SolutionConfigurationPlatforms) = preSolution
		Debug|Any CPU = Debug|Any CPU
		Release|Any CPU = Release|Any CPU
	EndGlobalSection
	GlobalSection(ProjectConfigurationPlatforms) = postSolution
		{1E9968ED-3EF3-4E57-B276-6E69C438598A}.Debug|Any CPU.ActiveCfg = Debug|Any CPU
		{1E9968ED-3EF3-4E57-B276-6E69C438598A}.Debug|Any CPU.Build.0 = Debug|Any CPU
		{1E9968ED-3EF3-4E57-B276-6E69C438598A}.Release|Any CPU.ActiveCfg = Release|Any CPU
		{1E9968ED-3EF3-4E57-B276-6E69C438598A}.Release|Any CPU.Build.0 = Release|Any CPU
	EndGlobalSection
	GlobalSection(SolutionProperties) = preSolution
		HideSolutionNode = FALSE
	EndGlobalSection
	GlobalSection(ExtensibilityGlobals) = postSolution
		SolutionGuid = {C55A8204-F741-47C3-A6F5-9AFE00705A13}
	EndGlobalSection
EndGlobal
