
Microsoft Visual Studio Solution File, Format Version 12.00
# Visual Studio Version 16
VisualStudioVersion = 16.0.31402.337
MinimumVisualStudioVersion = 10.0.40219.1
Project("{FAE04EC0-301F-11D3-BF4B-00C04F79EFBC}") = "PersonalTitles", "PersonalTitles\PersonalTitles.csproj", "{A8AC25D2-8FF2-459D-A256-18A788CB8AF9}"
EndProject
Global
	GlobalSection(SolutionConfigurationPlatforms) = preSolution
		Debug|Any CPU = Debug|Any CPU
		Release|Any CPU = Release|Any CPU
	EndGlobalSection
	GlobalSection(ProjectConfigurationPlatforms) = postSolution
		{A8AC25D2-8FF2-459D-A256-18A788CB8AF9}.Debug|Any CPU.ActiveCfg = Debug|Any CPU
		{A8AC25D2-8FF2-459D-A256-18A788CB8AF9}.Debug|Any CPU.Build.0 = Debug|Any CPU
		{A8AC25D2-8FF2-459D-A256-18A788CB8AF9}.Release|Any CPU.ActiveCfg = Release|Any CPU
		{A8AC25D2-8FF2-459D-A256-18A788CB8AF9}.Release|Any CPU.Build.0 = Release|Any CPU
	EndGlobalSection
	GlobalSection(SolutionProperties) = preSolution
		HideSolutionNode = FALSE
	EndGlobalSection
	GlobalSection(ExtensibilityGlobals) = postSolution
		SolutionGuid = {6C79A2AF-6410-4A1E-90FF-C7936197EBC1}
	EndGlobalSection
EndGlobal
