
Microsoft Visual Studio Solution File, Format Version 12.00
# Visual Studio Version 16
VisualStudioVersion = 16.0.31402.337
MinimumVisualStudioVersion = 10.0.40219.1
Project("{FAE04EC0-301F-11D3-BF4B-00C04F79EFBC}") = "ChristmasPreparation", "ChristmasPreparation\ChristmasPreparation.csproj", "{CF095456-3F02-406F-A421-008962B0F242}"
EndProject
Global
	GlobalSection(SolutionConfigurationPlatforms) = preSolution
		Debug|Any CPU = Debug|Any CPU
		Release|Any CPU = Release|Any CPU
	EndGlobalSection
	GlobalSection(ProjectConfigurationPlatforms) = postSolution
		{CF095456-3F02-406F-A421-008962B0F242}.Debug|Any CPU.ActiveCfg = Debug|Any CPU
		{CF095456-3F02-406F-A421-008962B0F242}.Debug|Any CPU.Build.0 = Debug|Any CPU
		{CF095456-3F02-406F-A421-008962B0F242}.Release|Any CPU.ActiveCfg = Release|Any CPU
		{CF095456-3F02-406F-A421-008962B0F242}.Release|Any CPU.Build.0 = Release|Any CPU
	EndGlobalSection
	GlobalSection(SolutionProperties) = preSolution
		HideSolutionNode = FALSE
	EndGlobalSection
	GlobalSection(ExtensibilityGlobals) = postSolution
		SolutionGuid = {A4EE095A-CB12-4582-8569-989EE0B8C258}
	EndGlobalSection
EndGlobal
