
Microsoft Visual Studio Solution File, Format Version 12.00
# Visual Studio Version 16
VisualStudioVersion = 16.0.31402.337
MinimumVisualStudioVersion = 10.0.40219.1
Project("{FAE04EC0-301F-11D3-BF4B-00C04F79EFBC}") = "SumofTwoNumbers", "SumofTwoNumbers\SumofTwoNumbers.csproj", "{02F6C651-6881-4E76-9634-F1454278298B}"
EndProject
Global
	GlobalSection(SolutionConfigurationPlatforms) = preSolution
		Debug|Any CPU = Debug|Any CPU
		Release|Any CPU = Release|Any CPU
	EndGlobalSection
	GlobalSection(ProjectConfigurationPlatforms) = postSolution
		{02F6C651-6881-4E76-9634-F1454278298B}.Debug|Any CPU.ActiveCfg = Debug|Any CPU
		{02F6C651-6881-4E76-9634-F1454278298B}.Debug|Any CPU.Build.0 = Debug|Any CPU
		{02F6C651-6881-4E76-9634-F1454278298B}.Release|Any CPU.ActiveCfg = Release|Any CPU
		{02F6C651-6881-4E76-9634-F1454278298B}.Release|Any CPU.Build.0 = Release|Any CPU
	EndGlobalSection
	GlobalSection(SolutionProperties) = preSolution
		HideSolutionNode = FALSE
	EndGlobalSection
	GlobalSection(ExtensibilityGlobals) = postSolution
		SolutionGuid = {EBC4842C-2C7E-4B38-8B12-3F9C5F6EA8F5}
	EndGlobalSection
EndGlobal
