
Microsoft Visual Studio Solution File, Format Version 12.00
# Visual Studio Version 16
VisualStudioVersion = 16.0.31402.337
MinimumVisualStudioVersion = 10.0.40219.1
Project("{FAE04EC0-301F-11D3-BF4B-00C04F79EFBC}") = "Cake", "Cake\Cake.csproj", "{4DC5DC0F-D02B-45C7-8709-A2198916E20C}"
EndProject
Global
	GlobalSection(SolutionConfigurationPlatforms) = preSolution
		Debug|Any CPU = Debug|Any CPU
		Release|Any CPU = Release|Any CPU
	EndGlobalSection
	GlobalSection(ProjectConfigurationPlatforms) = postSolution
		{4DC5DC0F-D02B-45C7-8709-A2198916E20C}.Debug|Any CPU.ActiveCfg = Debug|Any CPU
		{4DC5DC0F-D02B-45C7-8709-A2198916E20C}.Debug|Any CPU.Build.0 = Debug|Any CPU
		{4DC5DC0F-D02B-45C7-8709-A2198916E20C}.Release|Any CPU.ActiveCfg = Release|Any CPU
		{4DC5DC0F-D02B-45C7-8709-A2198916E20C}.Release|Any CPU.Build.0 = Release|Any CPU
	EndGlobalSection
	GlobalSection(SolutionProperties) = preSolution
		HideSolutionNode = FALSE
	EndGlobalSection
	GlobalSection(ExtensibilityGlobals) = postSolution
		SolutionGuid = {7C8CA4C8-7BB3-4B08-8C7C-07F1518F4D71}
	EndGlobalSection
EndGlobal
