
Microsoft Visual Studio Solution File, Format Version 12.00
# Visual Studio Version 16
VisualStudioVersion = 16.0.32002.261
MinimumVisualStudioVersion = 10.0.40219.1
Project("{FAE04EC0-301F-11D3-BF4B-00C04F79EFBC}") = "ConvertMetersToKilometers", "ConvertMetersToKilometers\ConvertMetersToKilometers.csproj", "{3BB86DB7-B19D-4B0D-932B-0308C7500540}"
EndProject
Global
	GlobalSection(SolutionConfigurationPlatforms) = preSolution
		Debug|Any CPU = Debug|Any CPU
		Release|Any CPU = Release|Any CPU
	EndGlobalSection
	GlobalSection(ProjectConfigurationPlatforms) = postSolution
		{3BB86DB7-B19D-4B0D-932B-0308C7500540}.Debug|Any CPU.ActiveCfg = Debug|Any CPU
		{3BB86DB7-B19D-4B0D-932B-0308C7500540}.Debug|Any CPU.Build.0 = Debug|Any CPU
		{3BB86DB7-B19D-4B0D-932B-0308C7500540}.Release|Any CPU.ActiveCfg = Release|Any CPU
		{3BB86DB7-B19D-4B0D-932B-0308C7500540}.Release|Any CPU.Build.0 = Release|Any CPU
	EndGlobalSection
	GlobalSection(SolutionProperties) = preSolution
		HideSolutionNode = FALSE
	EndGlobalSection
	GlobalSection(ExtensibilityGlobals) = postSolution
		SolutionGuid = {7AB821FB-F2C8-4670-9115-F5964F24B5F5}
	EndGlobalSection
EndGlobal
