
Microsoft Visual Studio Solution File, Format Version 12.00
# Visual Studio Version 16
VisualStudioVersion = 16.0.31402.337
MinimumVisualStudioVersion = 10.0.40219.1
Project("{FAE04EC0-301F-11D3-BF4B-00C04F79EFBC}") = "HalfSumElement", "HalfSumElement\HalfSumElement.csproj", "{17B4DADA-15D6-4C6C-8970-44A1637EE92E}"
EndProject
Global
	GlobalSection(SolutionConfigurationPlatforms) = preSolution
		Debug|Any CPU = Debug|Any CPU
		Release|Any CPU = Release|Any CPU
	EndGlobalSection
	GlobalSection(ProjectConfigurationPlatforms) = postSolution
		{17B4DADA-15D6-4C6C-8970-44A1637EE92E}.Debug|Any CPU.ActiveCfg = Debug|Any CPU
		{17B4DADA-15D6-4C6C-8970-44A1637EE92E}.Debug|Any CPU.Build.0 = Debug|Any CPU
		{17B4DADA-15D6-4C6C-8970-44A1637EE92E}.Release|Any CPU.ActiveCfg = Release|Any CPU
		{17B4DADA-15D6-4C6C-8970-44A1637EE92E}.Release|Any CPU.Build.0 = Release|Any CPU
	EndGlobalSection
	GlobalSection(SolutionProperties) = preSolution
		HideSolutionNode = FALSE
	EndGlobalSection
	GlobalSection(ExtensibilityGlobals) = postSolution
		SolutionGuid = {402B7ED8-CD10-4F60-B976-88B4419C2BB1}
	EndGlobalSection
EndGlobal
