
Microsoft Visual Studio Solution File, Format Version 12.00
# Visual Studio Version 16
VisualStudioVersion = 16.0.32002.261
MinimumVisualStudioVersion = 10.0.40219.1
Project("{FAE04EC0-301F-11D3-BF4B-00C04F79EFBC}") = "03. Calculations", "03. Calculations\03. Calculations.csproj", "{6888C9EF-3A27-4F5E-B085-1A5A90F43458}"
EndProject
Global
	GlobalSection(SolutionConfigurationPlatforms) = preSolution
		Debug|Any CPU = Debug|Any CPU
		Release|Any CPU = Release|Any CPU
	EndGlobalSection
	GlobalSection(ProjectConfigurationPlatforms) = postSolution
		{6888C9EF-3A27-4F5E-B085-1A5A90F43458}.Debug|Any CPU.ActiveCfg = Debug|Any CPU
		{6888C9EF-3A27-4F5E-B085-1A5A90F43458}.Debug|Any CPU.Build.0 = Debug|Any CPU
		{6888C9EF-3A27-4F5E-B085-1A5A90F43458}.Release|Any CPU.ActiveCfg = Release|Any CPU
		{6888C9EF-3A27-4F5E-B085-1A5A90F43458}.Release|Any CPU.Build.0 = Release|Any CPU
	EndGlobalSection
	GlobalSection(SolutionProperties) = preSolution
		HideSolutionNode = FALSE
	EndGlobalSection
	GlobalSection(ExtensibilityGlobals) = postSolution
		SolutionGuid = {7A15D94D-A44A-42B1-A80B-0F8D5FA03640}
	EndGlobalSection
EndGlobal
