
Microsoft Visual Studio Solution File, Format Version 12.00
# Visual Studio Version 16
VisualStudioVersion = 16.0.32126.315
MinimumVisualStudioVersion = 10.0.40219.1
Project("{FAE04EC0-301F-11D3-BF4B-00C04F79EFBC}") = "01. Valid Usernames", "01. Valid Usernames\01. Valid Usernames.csproj", "{536CD25B-311A-413B-92BB-5B4298AFF0CC}"
EndProject
Global
	GlobalSection(SolutionConfigurationPlatforms) = preSolution
		Debug|Any CPU = Debug|Any CPU
		Release|Any CPU = Release|Any CPU
	EndGlobalSection
	GlobalSection(ProjectConfigurationPlatforms) = postSolution
		{536CD25B-311A-413B-92BB-5B4298AFF0CC}.Debug|Any CPU.ActiveCfg = Debug|Any CPU
		{536CD25B-311A-413B-92BB-5B4298AFF0CC}.Debug|Any CPU.Build.0 = Debug|Any CPU
		{536CD25B-311A-413B-92BB-5B4298AFF0CC}.Release|Any CPU.ActiveCfg = Release|Any CPU
		{536CD25B-311A-413B-92BB-5B4298AFF0CC}.Release|Any CPU.Build.0 = Release|Any CPU
	EndGlobalSection
	GlobalSection(SolutionProperties) = preSolution
		HideSolutionNode = FALSE
	EndGlobalSection
	GlobalSection(ExtensibilityGlobals) = postSolution
		SolutionGuid = {702E81B9-7A8B-4A32-9ADF-396E03F75D4B}
	EndGlobalSection
EndGlobal
