
Microsoft Visual Studio Solution File, Format Version 12.00
# Visual Studio Version 16
VisualStudioVersion = 16.0.32510.428
MinimumVisualStudioVersion = 10.0.40219.1
Project("{FAE04EC0-301F-11D3-BF4B-00C04F79EFBC}") = "01.EnergyDrinks", "01.EnergyDrinks\01.EnergyDrinks.csproj", "{0BE271DB-FE99-4CF6-B80A-51A65CF897EF}"
EndProject
Project("{FAE04EC0-301F-11D3-BF4B-00C04F79EFBC}") = "02.RallyRacing", "02.RallyRacing\02.RallyRacing.csproj", "{301C256C-B823-45A0-9538-353CC39E8668}"
EndProject
Global
	GlobalSection(SolutionConfigurationPlatforms) = preSolution
		Debug|Any CPU = Debug|Any CPU
		Release|Any CPU = Release|Any CPU
	EndGlobalSection
	GlobalSection(ProjectConfigurationPlatforms) = postSolution
		{0BE271DB-FE99-4CF6-B80A-51A65CF897EF}.Debug|Any CPU.ActiveCfg = Debug|Any CPU
		{0BE271DB-FE99-4CF6-B80A-51A65CF897EF}.Debug|Any CPU.Build.0 = Debug|Any CPU
		{0BE271DB-FE99-4CF6-B80A-51A65CF897EF}.Release|Any CPU.ActiveCfg = Release|Any CPU
		{0BE271DB-FE99-4CF6-B80A-51A65CF897EF}.Release|Any CPU.Build.0 = Release|Any CPU
		{301C256C-B823-45A0-9538-353CC39E8668}.Debug|Any CPU.ActiveCfg = Debug|Any CPU
		{301C256C-B823-45A0-9538-353CC39E8668}.Debug|Any CPU.Build.0 = Debug|Any CPU
		{301C256C-B823-45A0-9538-353CC39E8668}.Release|Any CPU.ActiveCfg = Release|Any CPU
		{301C256C-B823-45A0-9538-353CC39E8668}.Release|Any CPU.Build.0 = Release|Any CPU
	EndGlobalSection
	GlobalSection(SolutionProperties) = preSolution
		HideSolutionNode = FALSE
	EndGlobalSection
	GlobalSection(ExtensibilityGlobals) = postSolution
		SolutionGuid = {282E628F-EEA4-404A-92F9-71C69B2ADEE4}
	EndGlobalSection
EndGlobal
