
Microsoft Visual Studio Solution File, Format Version 12.00
# Visual Studio Version 16
VisualStudioVersion = 16.0.32002.261
MinimumVisualStudioVersion = 10.0.40219.1
Project("{FAE04EC0-301F-11D3-BF4B-00C04F79EFBC}") = "IntegerOperations", "IntegerOperations\IntegerOperations.csproj", "{2EE04128-403C-45FF-A939-BC5662C5D611}"
EndProject
Global
	GlobalSection(SolutionConfigurationPlatforms) = preSolution
		Debug|Any CPU = Debug|Any CPU
		Release|Any CPU = Release|Any CPU
	EndGlobalSection
	GlobalSection(ProjectConfigurationPlatforms) = postSolution
		{2EE04128-403C-45FF-A939-BC5662C5D611}.Debug|Any CPU.ActiveCfg = Debug|Any CPU
		{2EE04128-403C-45FF-A939-BC5662C5D611}.Debug|Any CPU.Build.0 = Debug|Any CPU
		{2EE04128-403C-45FF-A939-BC5662C5D611}.Release|Any CPU.ActiveCfg = Release|Any CPU
		{2EE04128-403C-45FF-A939-BC5662C5D611}.Release|Any CPU.Build.0 = Release|Any CPU
	EndGlobalSection
	GlobalSection(SolutionProperties) = preSolution
		HideSolutionNode = FALSE
	EndGlobalSection
	GlobalSection(ExtensibilityGlobals) = postSolution
		SolutionGuid = {0D9393D6-1550-40E0-8D4B-D1102F176AFB}
	EndGlobalSection
EndGlobal
