
Microsoft Visual Studio Solution File, Format Version 12.00
# Visual Studio Version 16
VisualStudioVersion = 16.0.31402.337
MinimumVisualStudioVersion = 10.0.40219.1
Project("{FAE04EC0-301F-11D3-BF4B-00C04F79EFBC}") = "SkiTrip", "SkiTrip\SkiTrip.csproj", "{99CAF25F-EA95-40CA-8E65-15289BAF9078}"
EndProject
Global
	GlobalSection(SolutionConfigurationPlatforms) = preSolution
		Debug|Any CPU = Debug|Any CPU
		Release|Any CPU = Release|Any CPU
	EndGlobalSection
	GlobalSection(ProjectConfigurationPlatforms) = postSolution
		{99CAF25F-EA95-40CA-8E65-15289BAF9078}.Debug|Any CPU.ActiveCfg = Debug|Any CPU
		{99CAF25F-EA95-40CA-8E65-15289BAF9078}.Debug|Any CPU.Build.0 = Debug|Any CPU
		{99CAF25F-EA95-40CA-8E65-15289BAF9078}.Release|Any CPU.ActiveCfg = Release|Any CPU
		{99CAF25F-EA95-40CA-8E65-15289BAF9078}.Release|Any CPU.Build.0 = Release|Any CPU
	EndGlobalSection
	GlobalSection(SolutionProperties) = preSolution
		HideSolutionNode = FALSE
	EndGlobalSection
	GlobalSection(ExtensibilityGlobals) = postSolution
		SolutionGuid = {6C6634B4-5CFC-4AA8-B331-396F61C3CD55}
	EndGlobalSection
EndGlobal
