
Microsoft Visual Studio Solution File, Format Version 12.00
# Visual Studio Version 16
VisualStudioVersion = 16.0.31402.337
MinimumVisualStudioVersion = 10.0.40219.1
Project("{FAE04EC0-301F-11D3-BF4B-00C04F79EFBC}") = "Cinema", "Cinema\Cinema.csproj", "{B73C15D8-5865-4108-AF30-01EEA9BFAAAD}"
EndProject
Global
	GlobalSection(SolutionConfigurationPlatforms) = preSolution
		Debug|Any CPU = Debug|Any CPU
		Release|Any CPU = Release|Any CPU
	EndGlobalSection
	GlobalSection(ProjectConfigurationPlatforms) = postSolution
		{B73C15D8-5865-4108-AF30-01EEA9BFAAAD}.Debug|Any CPU.ActiveCfg = Debug|Any CPU
		{B73C15D8-5865-4108-AF30-01EEA9BFAAAD}.Debug|Any CPU.Build.0 = Debug|Any CPU
		{B73C15D8-5865-4108-AF30-01EEA9BFAAAD}.Release|Any CPU.ActiveCfg = Release|Any CPU
		{B73C15D8-5865-4108-AF30-01EEA9BFAAAD}.Release|Any CPU.Build.0 = Release|Any CPU
	EndGlobalSection
	GlobalSection(SolutionProperties) = preSolution
		HideSolutionNode = FALSE
	EndGlobalSection
	GlobalSection(ExtensibilityGlobals) = postSolution
		SolutionGuid = {4DA47DE2-5FBD-4387-ADF4-9213DAA76D9D}
	EndGlobalSection
EndGlobal
