
Microsoft Visual Studio Solution File, Format Version 12.00
# Visual Studio Version 16
VisualStudioVersion = 16.0.32002.261
MinimumVisualStudioVersion = 10.0.40219.1
Project("{FAE04EC0-301F-11D3-BF4B-00C04F79EFBC}") = "01. Smallest of Three Numbers", "01. Smallest of Three Numbers\01. Smallest of Three Numbers.csproj", "{76614D45-3372-41EF-8A51-E19E985B20A2}"
EndProject
Global
	GlobalSection(SolutionConfigurationPlatforms) = preSolution
		Debug|Any CPU = Debug|Any CPU
		Release|Any CPU = Release|Any CPU
	EndGlobalSection
	GlobalSection(ProjectConfigurationPlatforms) = postSolution
		{76614D45-3372-41EF-8A51-E19E985B20A2}.Debug|Any CPU.ActiveCfg = Debug|Any CPU
		{76614D45-3372-41EF-8A51-E19E985B20A2}.Debug|Any CPU.Build.0 = Debug|Any CPU
		{76614D45-3372-41EF-8A51-E19E985B20A2}.Release|Any CPU.ActiveCfg = Release|Any CPU
		{76614D45-3372-41EF-8A51-E19E985B20A2}.Release|Any CPU.Build.0 = Release|Any CPU
	EndGlobalSection
	GlobalSection(SolutionProperties) = preSolution
		HideSolutionNode = FALSE
	EndGlobalSection
	GlobalSection(ExtensibilityGlobals) = postSolution
		SolutionGuid = {846A318E-DFBE-48BC-BA5F-615343D33C3B}
	EndGlobalSection
EndGlobal
