
Microsoft Visual Studio Solution File, Format Version 12.00
# Visual Studio Version 16
VisualStudioVersion = 16.0.31402.337
MinimumVisualStudioVersion = 10.0.40219.1
Project("{FAE04EC0-301F-11D3-BF4B-00C04F79EFBC}") = "InvalidNumber", "InvalidNumber\InvalidNumber.csproj", "{ACA85401-A1C3-4102-B59A-D121B1238E55}"
EndProject
Global
	GlobalSection(SolutionConfigurationPlatforms) = preSolution
		Debug|Any CPU = Debug|Any CPU
		Release|Any CPU = Release|Any CPU
	EndGlobalSection
	GlobalSection(ProjectConfigurationPlatforms) = postSolution
		{ACA85401-A1C3-4102-B59A-D121B1238E55}.Debug|Any CPU.ActiveCfg = Debug|Any CPU
		{ACA85401-A1C3-4102-B59A-D121B1238E55}.Debug|Any CPU.Build.0 = Debug|Any CPU
		{ACA85401-A1C3-4102-B59A-D121B1238E55}.Release|Any CPU.ActiveCfg = Release|Any CPU
		{ACA85401-A1C3-4102-B59A-D121B1238E55}.Release|Any CPU.Build.0 = Release|Any CPU
	EndGlobalSection
	GlobalSection(SolutionProperties) = preSolution
		HideSolutionNode = FALSE
	EndGlobalSection
	GlobalSection(ExtensibilityGlobals) = postSolution
		SolutionGuid = {A74A936C-5B76-4BB3-BE70-5363ECCD4E4C}
	EndGlobalSection
EndGlobal
