
Microsoft Visual Studio Solution File, Format Version 12.00
# Visual Studio Version 16
VisualStudioVersion = 16.0.32002.261
MinimumVisualStudioVersion = 10.0.40219.1
Project("{FAE04EC0-301F-11D3-BF4B-00C04F79EFBC}") = "09. Greater of Two Values", "09. Greater of Two Values\09. Greater of Two Values.csproj", "{3F291BAF-C7BD-4EA0-8E0E-C6BFF0E0BA99}"
EndProject
Global
	GlobalSection(SolutionConfigurationPlatforms) = preSolution
		Debug|Any CPU = Debug|Any CPU
		Release|Any CPU = Release|Any CPU
	EndGlobalSection
	GlobalSection(ProjectConfigurationPlatforms) = postSolution
		{3F291BAF-C7BD-4EA0-8E0E-C6BFF0E0BA99}.Debug|Any CPU.ActiveCfg = Debug|Any CPU
		{3F291BAF-C7BD-4EA0-8E0E-C6BFF0E0BA99}.Debug|Any CPU.Build.0 = Debug|Any CPU
		{3F291BAF-C7BD-4EA0-8E0E-C6BFF0E0BA99}.Release|Any CPU.ActiveCfg = Release|Any CPU
		{3F291BAF-C7BD-4EA0-8E0E-C6BFF0E0BA99}.Release|Any CPU.Build.0 = Release|Any CPU
	EndGlobalSection
	GlobalSection(SolutionProperties) = preSolution
		HideSolutionNode = FALSE
	EndGlobalSection
	GlobalSection(ExtensibilityGlobals) = postSolution
		SolutionGuid = {A3DD9B93-58BE-4BE8-AF24-137F0E2E218B}
	EndGlobalSection
EndGlobal
