
Microsoft Visual Studio Solution File, Format Version 12.00
# Visual Studio Version 16
VisualStudioVersion = 16.0.32126.315
MinimumVisualStudioVersion = 10.0.40219.1
Project("{FAE04EC0-301F-11D3-BF4B-00C04F79EFBC}") = "01. Count Chars in a String", "01. Count Chars in a String\01. Count Chars in a String.csproj", "{6A04F5E0-2404-4A3D-B4DD-7321BB08C9E3}"
EndProject
Global
	GlobalSection(SolutionConfigurationPlatforms) = preSolution
		Debug|Any CPU = Debug|Any CPU
		Release|Any CPU = Release|Any CPU
	EndGlobalSection
	GlobalSection(ProjectConfigurationPlatforms) = postSolution
		{6A04F5E0-2404-4A3D-B4DD-7321BB08C9E3}.Debug|Any CPU.ActiveCfg = Debug|Any CPU
		{6A04F5E0-2404-4A3D-B4DD-7321BB08C9E3}.Debug|Any CPU.Build.0 = Debug|Any CPU
		{6A04F5E0-2404-4A3D-B4DD-7321BB08C9E3}.Release|Any CPU.ActiveCfg = Release|Any CPU
		{6A04F5E0-2404-4A3D-B4DD-7321BB08C9E3}.Release|Any CPU.Build.0 = Release|Any CPU
	EndGlobalSection
	GlobalSection(SolutionProperties) = preSolution
		HideSolutionNode = FALSE
	EndGlobalSection
	GlobalSection(ExtensibilityGlobals) = postSolution
		SolutionGuid = {B8B44C36-2620-477D-B62C-7AF6743B3D96}
	EndGlobalSection
EndGlobal
