
Microsoft Visual Studio Solution File, Format Version 12.00
# Visual Studio Version 16
VisualStudioVersion = 16.0.31402.337
MinimumVisualStudioVersion = 10.0.40219.1
Project("{FAE04EC0-301F-11D3-BF4B-00C04F79EFBC}") = "WeekendorWorkingDay", "WeekendorWorkingDay\WeekendorWorkingDay.csproj", "{C169F97D-1AC2-41C2-B887-CEA254648B5F}"
EndProject
Global
	GlobalSection(SolutionConfigurationPlatforms) = preSolution
		Debug|Any CPU = Debug|Any CPU
		Release|Any CPU = Release|Any CPU
	EndGlobalSection
	GlobalSection(ProjectConfigurationPlatforms) = postSolution
		{C169F97D-1AC2-41C2-B887-CEA254648B5F}.Debug|Any CPU.ActiveCfg = Debug|Any CPU
		{C169F97D-1AC2-41C2-B887-CEA254648B5F}.Debug|Any CPU.Build.0 = Debug|Any CPU
		{C169F97D-1AC2-41C2-B887-CEA254648B5F}.Release|Any CPU.ActiveCfg = Release|Any CPU
		{C169F97D-1AC2-41C2-B887-CEA254648B5F}.Release|Any CPU.Build.0 = Release|Any CPU
	EndGlobalSection
	GlobalSection(SolutionProperties) = preSolution
		HideSolutionNode = FALSE
	EndGlobalSection
	GlobalSection(ExtensibilityGlobals) = postSolution
		SolutionGuid = {1F0B9F15-9DA6-4515-99AF-EDDA78EE06FA}
	EndGlobalSection
EndGlobal
