
Microsoft Visual Studio Solution File, Format Version 12.00
# Visual Studio Version 16
VisualStudioVersion = 16.0.31402.337
MinimumVisualStudioVersion = 10.0.40219.1
Project("{FAE04EC0-301F-11D3-BF4B-00C04F79EFBC}") = "YardGreening", "YardGreening\YardGreening.csproj", "{233DF683-49F9-4DE3-967E-6130C90FF9CC}"
EndProject
Global
	GlobalSection(SolutionConfigurationPlatforms) = preSolution
		Debug|Any CPU = Debug|Any CPU
		Release|Any CPU = Release|Any CPU
	EndGlobalSection
	GlobalSection(ProjectConfigurationPlatforms) = postSolution
		{233DF683-49F9-4DE3-967E-6130C90FF9CC}.Debug|Any CPU.ActiveCfg = Debug|Any CPU
		{233DF683-49F9-4DE3-967E-6130C90FF9CC}.Debug|Any CPU.Build.0 = Debug|Any CPU
		{233DF683-49F9-4DE3-967E-6130C90FF9CC}.Release|Any CPU.ActiveCfg = Release|Any CPU
		{233DF683-49F9-4DE3-967E-6130C90FF9CC}.Release|Any CPU.Build.0 = Release|Any CPU
	EndGlobalSection
	GlobalSection(SolutionProperties) = preSolution
		HideSolutionNode = FALSE
	EndGlobalSection
	GlobalSection(ExtensibilityGlobals) = postSolution
		SolutionGuid = {EBBD994C-A3D1-4E81-B4CF-D631F3AB6BAE}
	EndGlobalSection
EndGlobal
