
Microsoft Visual Studio Solution File, Format Version 12.00
# Visual Studio Version 16
VisualStudioVersion = 16.0.32002.261
MinimumVisualStudioVersion = 10.0.40219.1
Project("{FAE04EC0-301F-11D3-BF4B-00C04F79EFBC}") = "05.SumEvenNumbers", "05.SumEvenNumbers\05.SumEvenNumbers.csproj", "{F653B7AA-2CBB-4E88-ACCD-CCCF5CE7C47E}"
EndProject
Global
	GlobalSection(SolutionConfigurationPlatforms) = preSolution
		Debug|Any CPU = Debug|Any CPU
		Release|Any CPU = Release|Any CPU
	EndGlobalSection
	GlobalSection(ProjectConfigurationPlatforms) = postSolution
		{F653B7AA-2CBB-4E88-ACCD-CCCF5CE7C47E}.Debug|Any CPU.ActiveCfg = Debug|Any CPU
		{F653B7AA-2CBB-4E88-ACCD-CCCF5CE7C47E}.Debug|Any CPU.Build.0 = Debug|Any CPU
		{F653B7AA-2CBB-4E88-ACCD-CCCF5CE7C47E}.Release|Any CPU.ActiveCfg = Release|Any CPU
		{F653B7AA-2CBB-4E88-ACCD-CCCF5CE7C47E}.Release|Any CPU.Build.0 = Release|Any CPU
	EndGlobalSection
	GlobalSection(SolutionProperties) = preSolution
		HideSolutionNode = FALSE
	EndGlobalSection
	GlobalSection(ExtensibilityGlobals) = postSolution
		SolutionGuid = {DF7A5708-0509-441D-B710-D9B3B49B3917}
	EndGlobalSection
EndGlobal
