
Microsoft Visual Studio Solution File, Format Version 12.00
# Visual Studio Version 16
VisualStudioVersion = 16.0.31402.337
MinimumVisualStudioVersion = 10.0.40219.1
Project("{FAE04EC0-301F-11D3-BF4B-00C04F79EFBC}") = "CourierExpress", "CourierExpress\CourierExpress.csproj", "{9FDA18FD-274E-47EF-B639-F19C29F22A73}"
EndProject
Global
	GlobalSection(SolutionConfigurationPlatforms) = preSolution
		Debug|Any CPU = Debug|Any CPU
		Release|Any CPU = Release|Any CPU
	EndGlobalSection
	GlobalSection(ProjectConfigurationPlatforms) = postSolution
		{9FDA18FD-274E-47EF-B639-F19C29F22A73}.Debug|Any CPU.ActiveCfg = Debug|Any CPU
		{9FDA18FD-274E-47EF-B639-F19C29F22A73}.Debug|Any CPU.Build.0 = Debug|Any CPU
		{9FDA18FD-274E-47EF-B639-F19C29F22A73}.Release|Any CPU.ActiveCfg = Release|Any CPU
		{9FDA18FD-274E-47EF-B639-F19C29F22A73}.Release|Any CPU.Build.0 = Release|Any CPU
	EndGlobalSection
	GlobalSection(SolutionProperties) = preSolution
		HideSolutionNode = FALSE
	EndGlobalSection
	GlobalSection(ExtensibilityGlobals) = postSolution
		SolutionGuid = {33874302-355B-4983-9424-E320E0DCC14C}
	EndGlobalSection
EndGlobal
