
Microsoft Visual Studio Solution File, Format Version 12.00
# Visual Studio Version 16
VisualStudioVersion = 16.0.32002.261
MinimumVisualStudioVersion = 10.0.40219.1
Project("{FAE04EC0-301F-11D3-BF4B-00C04F79EFBC}") = "11. Array Manipulator", "11. Array Manipulator\11. Array Manipulator.csproj", "{80AC147F-365E-4571-B4FA-3159936CE7FC}"
EndProject
Global
	GlobalSection(SolutionConfigurationPlatforms) = preSolution
		Debug|Any CPU = Debug|Any CPU
		Release|Any CPU = Release|Any CPU
	EndGlobalSection
	GlobalSection(ProjectConfigurationPlatforms) = postSolution
		{80AC147F-365E-4571-B4FA-3159936CE7FC}.Debug|Any CPU.ActiveCfg = Debug|Any CPU
		{80AC147F-365E-4571-B4FA-3159936CE7FC}.Debug|Any CPU.Build.0 = Debug|Any CPU
		{80AC147F-365E-4571-B4FA-3159936CE7FC}.Release|Any CPU.ActiveCfg = Release|Any CPU
		{80AC147F-365E-4571-B4FA-3159936CE7FC}.Release|Any CPU.Build.0 = Release|Any CPU
	EndGlobalSection
	GlobalSection(SolutionProperties) = preSolution
		HideSolutionNode = FALSE
	EndGlobalSection
	GlobalSection(ExtensibilityGlobals) = postSolution
		SolutionGuid = {D2175374-E167-4E7E-B261-A863C7742F09}
	EndGlobalSection
EndGlobal
