
Microsoft Visual Studio Solution File, Format Version 12.00
# Visual Studio Version 16
VisualStudioVersion = 16.0.32510.428
MinimumVisualStudioVersion = 10.0.40219.1
Project("{9A19103F-16F7-4668-BE54-9A1E7A4F7556}") = "01.Car", "01.Car\01.Car.csproj", "{E7C1DB4F-10BC-4086-A8C3-ABD32A89CA30}"
EndProject
Project("{9A19103F-16F7-4668-BE54-9A1E7A4F7556}") = "02.CarExtension", "02.CarExtension\02.CarExtension.csproj", "{28B9A249-33C5-4D63-BBCC-82A12C2DA8DB}"
EndProject
Project("{FAE04EC0-301F-11D3-BF4B-00C04F79EFBC}") = "03.SpecialCars", "03.SpecialCars\03.SpecialCars.csproj", "{562F7A47-50F9-4696-B422-2E5538929B6B}"
EndProject
Global
	GlobalSection(SolutionConfigurationPlatforms) = preSolution
		Debug|Any CPU = Debug|Any CPU
		Release|Any CPU = Release|Any CPU
	EndGlobalSection
	GlobalSection(ProjectConfigurationPlatforms) = postSolution
		{E7C1DB4F-10BC-4086-A8C3-ABD32A89CA30}.Debug|Any CPU.ActiveCfg = Debug|Any CPU
		{E7C1DB4F-10BC-4086-A8C3-ABD32A89CA30}.Debug|Any CPU.Build.0 = Debug|Any CPU
		{E7C1DB4F-10BC-4086-A8C3-ABD32A89CA30}.Release|Any CPU.ActiveCfg = Release|Any CPU
		{E7C1DB4F-10BC-4086-A8C3-ABD32A89CA30}.Release|Any CPU.Build.0 = Release|Any CPU
		{28B9A249-33C5-4D63-BBCC-82A12C2DA8DB}.Debug|Any CPU.ActiveCfg = Debug|Any CPU
		{28B9A249-33C5-4D63-BBCC-82A12C2DA8DB}.Debug|Any CPU.Build.0 = Debug|Any CPU
		{28B9A249-33C5-4D63-BBCC-82A12C2DA8DB}.Release|Any CPU.ActiveCfg = Release|Any CPU
		{28B9A249-33C5-4D63-BBCC-82A12C2DA8DB}.Release|Any CPU.Build.0 = Release|Any CPU
		{562F7A47-50F9-4696-B422-2E5538929B6B}.Debug|Any CPU.ActiveCfg = Debug|Any CPU
		{562F7A47-50F9-4696-B422-2E5538929B6B}.Debug|Any CPU.Build.0 = Debug|Any CPU
		{562F7A47-50F9-4696-B422-2E5538929B6B}.Release|Any CPU.ActiveCfg = Release|Any CPU
		{562F7A47-50F9-4696-B422-2E5538929B6B}.Release|Any CPU.Build.0 = Release|Any CPU
	EndGlobalSection
	GlobalSection(SolutionProperties) = preSolution
		HideSolutionNode = FALSE
	EndGlobalSection
	GlobalSection(ExtensibilityGlobals) = postSolution
		SolutionGuid = {53B058D8-9F59-4018-A0F2-76AFA0C3680D}
	EndGlobalSection
EndGlobal
