
Microsoft Visual Studio Solution File, Format Version 12.00
# Visual Studio Version 16
VisualStudioVersion = 16.0.31402.337
MinimumVisualStudioVersion = 10.0.40219.1
Project("{FAE04EC0-301F-11D3-BF4B-00C04F79EFBC}") = "TennisRanklist", "TennisRanklist\TennisRanklist.csproj", "{1CF1B9DB-E2D2-437A-B994-71C32E4AEB89}"
EndProject
Global
	GlobalSection(SolutionConfigurationPlatforms) = preSolution
		Debug|Any CPU = Debug|Any CPU
		Release|Any CPU = Release|Any CPU
	EndGlobalSection
	GlobalSection(ProjectConfigurationPlatforms) = postSolution
		{1CF1B9DB-E2D2-437A-B994-71C32E4AEB89}.Debug|Any CPU.ActiveCfg = Debug|Any CPU
		{1CF1B9DB-E2D2-437A-B994-71C32E4AEB89}.Debug|Any CPU.Build.0 = Debug|Any CPU
		{1CF1B9DB-E2D2-437A-B994-71C32E4AEB89}.Release|Any CPU.ActiveCfg = Release|Any CPU
		{1CF1B9DB-E2D2-437A-B994-71C32E4AEB89}.Release|Any CPU.Build.0 = Release|Any CPU
	EndGlobalSection
	GlobalSection(SolutionProperties) = preSolution
		HideSolutionNode = FALSE
	EndGlobalSection
	GlobalSection(ExtensibilityGlobals) = postSolution
		SolutionGuid = {8EB94DE3-5667-4551-8D0C-4066E8FF62E4}
	EndGlobalSection
EndGlobal
