
Microsoft Visual Studio Solution File, Format Version 12.00
# Visual Studio Version 16
VisualStudioVersion = 16.0.32126.315
MinimumVisualStudioVersion = 10.0.40219.1
Project("{FAE04EC0-301F-11D3-BF4B-00C04F79EFBC}") = "02. Odd Occurrences", "02. Odd Occurrences\02. Odd Occurrences.csproj", "{E782E77E-FE38-4DB0-B2F0-91341ECF8954}"
EndProject
Global
	GlobalSection(SolutionConfigurationPlatforms) = preSolution
		Debug|Any CPU = Debug|Any CPU
		Release|Any CPU = Release|Any CPU
	EndGlobalSection
	GlobalSection(ProjectConfigurationPlatforms) = postSolution
		{E782E77E-FE38-4DB0-B2F0-91341ECF8954}.Debug|Any CPU.ActiveCfg = Debug|Any CPU
		{E782E77E-FE38-4DB0-B2F0-91341ECF8954}.Debug|Any CPU.Build.0 = Debug|Any CPU
		{E782E77E-FE38-4DB0-B2F0-91341ECF8954}.Release|Any CPU.ActiveCfg = Release|Any CPU
		{E782E77E-FE38-4DB0-B2F0-91341ECF8954}.Release|Any CPU.Build.0 = Release|Any CPU
	EndGlobalSection
	GlobalSection(SolutionProperties) = preSolution
		HideSolutionNode = FALSE
	EndGlobalSection
	GlobalSection(ExtensibilityGlobals) = postSolution
		SolutionGuid = {273340C1-DDF7-43F9-86B5-4072B7E33B5D}
	EndGlobalSection
EndGlobal
