
Microsoft Visual Studio Solution File, Format Version 12.00
# Visual Studio Version 16
VisualStudioVersion = 16.0.32002.261
MinimumVisualStudioVersion = 10.0.40219.1
Project("{FAE04EC0-301F-11D3-BF4B-00C04F79EFBC}") = "01. Sign of Integer Numbers", "01. Sign of Integer Numbers\01. Sign of Integer Numbers.csproj", "{DEDEF7DD-E7CE-455A-A21D-2E0A9E93F261}"
EndProject
Global
	GlobalSection(SolutionConfigurationPlatforms) = preSolution
		Debug|Any CPU = Debug|Any CPU
		Release|Any CPU = Release|Any CPU
	EndGlobalSection
	GlobalSection(ProjectConfigurationPlatforms) = postSolution
		{DEDEF7DD-E7CE-455A-A21D-2E0A9E93F261}.Debug|Any CPU.ActiveCfg = Debug|Any CPU
		{DEDEF7DD-E7CE-455A-A21D-2E0A9E93F261}.Debug|Any CPU.Build.0 = Debug|Any CPU
		{DEDEF7DD-E7CE-455A-A21D-2E0A9E93F261}.Release|Any CPU.ActiveCfg = Release|Any CPU
		{DEDEF7DD-E7CE-455A-A21D-2E0A9E93F261}.Release|Any CPU.Build.0 = Release|Any CPU
	EndGlobalSection
	GlobalSection(SolutionProperties) = preSolution
		HideSolutionNode = FALSE
	EndGlobalSection
	GlobalSection(ExtensibilityGlobals) = postSolution
		SolutionGuid = {053722E0-826C-4649-AECF-D026B006D9D4}
	EndGlobalSection
EndGlobal
