
Microsoft Visual Studio Solution File, Format Version 12.00
# Visual Studio Version 16
VisualStudioVersion = 16.0.31402.337
MinimumVisualStudioVersion = 10.0.40219.1
Project("{FAE04EC0-301F-11D3-BF4B-00C04F79EFBC}") = "Nums1To10", "Nums1To10\Nums1To10.csproj", "{AF1DC158-2BE6-4CC4-A43A-CF73D8CE5652}"
EndProject
Global
	GlobalSection(SolutionConfigurationPlatforms) = preSolution
		Debug|Any CPU = Debug|Any CPU
		Release|Any CPU = Release|Any CPU
	EndGlobalSection
	GlobalSection(ProjectConfigurationPlatforms) = postSolution
		{AF1DC158-2BE6-4CC4-A43A-CF73D8CE5652}.Debug|Any CPU.ActiveCfg = Debug|Any CPU
		{AF1DC158-2BE6-4CC4-A43A-CF73D8CE5652}.Debug|Any CPU.Build.0 = Debug|Any CPU
		{AF1DC158-2BE6-4CC4-A43A-CF73D8CE5652}.Release|Any CPU.ActiveCfg = Release|Any CPU
		{AF1DC158-2BE6-4CC4-A43A-CF73D8CE5652}.Release|Any CPU.Build.0 = Release|Any CPU
	EndGlobalSection
	GlobalSection(SolutionProperties) = preSolution
		HideSolutionNode = FALSE
	EndGlobalSection
	GlobalSection(ExtensibilityGlobals) = postSolution
		SolutionGuid = {0F35265B-2AC2-43F5-903B-034D68DACE4F}
	EndGlobalSection
EndGlobal
