
Microsoft Visual Studio Solution File, Format Version 12.00
# Visual Studio Version 16
VisualStudioVersion = 16.0.32002.261
MinimumVisualStudioVersion = 10.0.40219.1
Project("{FAE04EC0-301F-11D3-BF4B-00C04F79EFBC}") = "09. Palindrome Integers", "09. Palindrome Integers\09. Palindrome Integers.csproj", "{04E4A21E-A109-4834-A995-50D27863156E}"
EndProject
Global
	GlobalSection(SolutionConfigurationPlatforms) = preSolution
		Debug|Any CPU = Debug|Any CPU
		Release|Any CPU = Release|Any CPU
	EndGlobalSection
	GlobalSection(ProjectConfigurationPlatforms) = postSolution
		{04E4A21E-A109-4834-A995-50D27863156E}.Debug|Any CPU.ActiveCfg = Debug|Any CPU
		{04E4A21E-A109-4834-A995-50D27863156E}.Debug|Any CPU.Build.0 = Debug|Any CPU
		{04E4A21E-A109-4834-A995-50D27863156E}.Release|Any CPU.ActiveCfg = Release|Any CPU
		{04E4A21E-A109-4834-A995-50D27863156E}.Release|Any CPU.Build.0 = Release|Any CPU
	EndGlobalSection
	GlobalSection(SolutionProperties) = preSolution
		HideSolutionNode = FALSE
	EndGlobalSection
	GlobalSection(ExtensibilityGlobals) = postSolution
		SolutionGuid = {A4BB6995-4958-4C16-85F4-DF88ED3AFE35}
	EndGlobalSection
EndGlobal
