
Microsoft Visual Studio Solution File, Format Version 12.00
# Visual Studio Version 16
VisualStudioVersion = 16.0.31402.337
MinimumVisualStudioVersion = 10.0.40219.1
Project("{FAE04EC0-301F-11D3-BF4B-00C04F79EFBC}") = "TrekkingMania", "TrekkingMania\TrekkingMania.csproj", "{6E985BB8-A731-4F29-9F3F-846B4CE98066}"
EndProject
Global
	GlobalSection(SolutionConfigurationPlatforms) = preSolution
		Debug|Any CPU = Debug|Any CPU
		Release|Any CPU = Release|Any CPU
	EndGlobalSection
	GlobalSection(ProjectConfigurationPlatforms) = postSolution
		{6E985BB8-A731-4F29-9F3F-846B4CE98066}.Debug|Any CPU.ActiveCfg = Debug|Any CPU
		{6E985BB8-A731-4F29-9F3F-846B4CE98066}.Debug|Any CPU.Build.0 = Debug|Any CPU
		{6E985BB8-A731-4F29-9F3F-846B4CE98066}.Release|Any CPU.ActiveCfg = Release|Any CPU
		{6E985BB8-A731-4F29-9F3F-846B4CE98066}.Release|Any CPU.Build.0 = Release|Any CPU
	EndGlobalSection
	GlobalSection(SolutionProperties) = preSolution
		HideSolutionNode = FALSE
	EndGlobalSection
	GlobalSection(ExtensibilityGlobals) = postSolution
		SolutionGuid = {E2B6E6D4-8467-4A62-BE23-70CDC6B5EB91}
	EndGlobalSection
EndGlobal
