
Microsoft Visual Studio Solution File, Format Version 12.00
# Visual Studio Version 16
VisualStudioVersion = 16.0.32510.428
MinimumVisualStudioVersion = 10.0.40219.1
Project("{FAE04EC0-301F-11D3-BF4B-00C04F79EFBC}") = "StacksAndQueues_Exercise", "StacksAndQueues_Exercise\StacksAndQueues_Exercise.csproj", "{58ACA44A-530E-4B24-9D21-CB92D0184022}"
EndProject
Project("{FAE04EC0-301F-11D3-BF4B-00C04F79EFBC}") = "02.BasicQueueOperations", "02.BasicQueueOperations\02.BasicQueueOperations.csproj", "{9CF3CB01-2765-4505-94A5-7C318684C383}"
EndProject
Project("{FAE04EC0-301F-11D3-BF4B-00C04F79EFBC}") = "03.MaximumAndMinimumElement", "03.MaximumAndMinimumElement\03.MaximumAndMinimumElement.csproj", "{04AC037A-4BEB-44A7-BD0D-E3731EC15ECB}"
EndProject
Project("{FAE04EC0-301F-11D3-BF4B-00C04F79EFBC}") = "04.FastFood", "04.FastFood\04.FastFood.csproj", "{F14436C8-4016-4D49-9C80-EBB6C169162C}"
EndProject
Project("{FAE04EC0-301F-11D3-BF4B-00C04F79EFBC}") = "05.FashionBoutique", "05.FashionBoutique\05.FashionBoutique.csproj", "{C9816DC9-49AB-47FE-8A25-1D3CE3502739}"
EndProject
Project("{FAE04EC0-301F-11D3-BF4B-00C04F79EFBC}") = "06.SongsQueue", "06.SongsQueue\06.SongsQueue.csproj", "{FA965DFC-71F2-4F0C-8ABA-73D459069612}"
EndProject
Project("{FAE04EC0-301F-11D3-BF4B-00C04F79EFBC}") = "07.TruckTour", "07.TruckTour\07.TruckTour.csproj", "{0E64AA33-F47B-4B64-AF9F-AE37EF888222}"
EndProject
Project("{FAE04EC0-301F-11D3-BF4B-00C04F79EFBC}") = "08.BalancedParenthesis", "08.BalancedParenthesis\08.BalancedParenthesis.csproj", "{724983FC-2569-4BA7-AA07-EB76DA3FEB3A}"
EndProject
Project("{FAE04EC0-301F-11D3-BF4B-00C04F79EFBC}") = "09.SimpleTextEditor", "09.SimpleTextEditor\09.SimpleTextEditor.csproj", "{EC70453D-3AF6-4ADF-8509-B2B445C849EE}"
EndProject
Project("{FAE04EC0-301F-11D3-BF4B-00C04F79EFBC}") = "10.Crossroads", "10.Crossroads\10.Crossroads.csproj", "{26D91232-16D5-4765-B16A-A63AE5084797}"
EndProject
Project("{FAE04EC0-301F-11D3-BF4B-00C04F79EFBC}") = "11.KeyRevolver", "11.KeyRevolver\11.KeyRevolver.csproj", "{EB200AA2-91AE-48B9-97F2-D3345ABBF0D6}"
EndProject
Project("{FAE04EC0-301F-11D3-BF4B-00C04F79EFBC}") = "12.CupsAndBottles", "12.CupsAndBottles\12.CupsAndBottles.csproj", "{BF20EE39-EF7D-4A2D-82A8-3677AEAA33E4}"
EndProject
Global
	GlobalSection(SolutionConfigurationPlatforms) = preSolution
		Debug|Any CPU = Debug|Any CPU
		Release|Any CPU = Release|Any CPU
	EndGlobalSection
	GlobalSection(ProjectConfigurationPlatforms) = postSolution
		{58ACA44A-530E-4B24-9D21-CB92D0184022}.Debug|Any CPU.ActiveCfg = Debug|Any CPU
		{58ACA44A-530E-4B24-9D21-CB92D0184022}.Debug|Any CPU.Build.0 = Debug|Any CPU
		{58ACA44A-530E-4B24-9D21-CB92D0184022}.Release|Any CPU.ActiveCfg = Release|Any CPU
		{58ACA44A-530E-4B24-9D21-CB92D0184022}.Release|Any CPU.Build.0 = Release|Any CPU
		{9CF3CB01-2765-4505-94A5-7C318684C383}.Debug|Any CPU.ActiveCfg = Debug|Any CPU
		{9CF3CB01-2765-4505-94A5-7C318684C383}.Debug|Any CPU.Build.0 = Debug|Any CPU
		{9CF3CB01-2765-4505-94A5-7C318684C383}.Release|Any CPU.ActiveCfg = Release|Any CPU
		{9CF3CB01-2765-4505-94A5-7C318684C383}.Release|Any CPU.Build.0 = Release|Any CPU
		{04AC037A-4BEB-44A7-BD0D-E3731EC15ECB}.Debug|Any CPU.ActiveCfg = Debug|Any CPU
		{04AC037A-4BEB-44A7-BD0D-E3731EC15ECB}.Debug|Any CPU.Build.0 = Debug|Any CPU
		{04AC037A-4BEB-44A7-BD0D-E3731EC15ECB}.Release|Any CPU.ActiveCfg = Release|Any CPU
		{04AC037A-4BEB-44A7-BD0D-E3731EC15ECB}.Release|Any CPU.Build.0 = Release|Any CPU
		{F14436C8-4016-4D49-9C80-EBB6C169162C}.Debug|Any CPU.ActiveCfg = Debug|Any CPU
		{F14436C8-4016-4D49-9C80-EBB6C169162C}.Debug|Any CPU.Build.0 = Debug|Any CPU
		{F14436C8-4016-4D49-9C80-EBB6C169162C}.Release|Any CPU.ActiveCfg = Release|Any CPU
		{F14436C8-4016-4D49-9C80-EBB6C169162C}.Release|Any CPU.Build.0 = Release|Any CPU
		{C9816DC9-49AB-47FE-8A25-1D3CE3502739}.Debug|Any CPU.ActiveCfg = Debug|Any CPU
		{C9816DC9-49AB-47FE-8A25-1D3CE3502739}.Debug|Any CPU.Build.0 = Debug|Any CPU
		{C9816DC9-49AB-47FE-8A25-1D3CE3502739}.Release|Any CPU.ActiveCfg = Release|Any CPU
		{C9816DC9-49AB-47FE-8A25-1D3CE3502739}.Release|Any CPU.Build.0 = Release|Any CPU
		{FA965DFC-71F2-4F0C-8ABA-73D459069612}.Debug|Any CPU.ActiveCfg = Debug|Any CPU
		{FA965DFC-71F2-4F0C-8ABA-73D459069612}.Debug|Any CPU.Build.0 = Debug|Any CPU
		{FA965DFC-71F2-4F0C-8ABA-73D459069612}.Release|Any CPU.ActiveCfg = Release|Any CPU
		{FA965DFC-71F2-4F0C-8ABA-73D459069612}.Release|Any CPU.Build.0 = Release|Any CPU
		{0E64AA33-F47B-4B64-AF9F-AE37EF888222}.Debug|Any CPU.ActiveCfg = Debug|Any CPU
		{0E64AA33-F47B-4B64-AF9F-AE37EF888222}.Debug|Any CPU.Build.0 = Debug|Any CPU
		{0E64AA33-F47B-4B64-AF9F-AE37EF888222}.Release|Any CPU.ActiveCfg = Release|Any CPU
		{0E64AA33-F47B-4B64-AF9F-AE37EF888222}.Release|Any CPU.Build.0 = Release|Any CPU
		{724983FC-2569-4BA7-AA07-EB76DA3FEB3A}.Debug|Any CPU.ActiveCfg = Debug|Any CPU
		{724983FC-2569-4BA7-AA07-EB76DA3FEB3A}.Debug|Any CPU.Build.0 = Debug|Any CPU
		{724983FC-2569-4BA7-AA07-EB76DA3FEB3A}.Release|Any CPU.ActiveCfg = Release|Any CPU
		{724983FC-2569-4BA7-AA07-EB76DA3FEB3A}.Release|Any CPU.Build.0 = Release|Any CPU
		{EC70453D-3AF6-4ADF-8509-B2B445C849EE}.Debug|Any CPU.ActiveCfg = Debug|Any CPU
		{EC70453D-3AF6-4ADF-8509-B2B445C849EE}.Debug|Any CPU.Build.0 = Debug|Any CPU
		{EC70453D-3AF6-4ADF-8509-B2B445C849EE}.Release|Any CPU.ActiveCfg = Release|Any CPU
		{EC70453D-3AF6-4ADF-8509-B2B445C849EE}.Release|Any CPU.Build.0 = Release|Any CPU
		{26D91232-16D5-4765-B16A-A63AE5084797}.Debug|Any CPU.ActiveCfg = Debug|Any CPU
		{26D91232-16D5-4765-B16A-A63AE5084797}.Debug|Any CPU.Build.0 = Debug|Any CPU
		{26D91232-16D5-4765-B16A-A63AE5084797}.Release|Any CPU.ActiveCfg = Release|Any CPU
		{26D91232-16D5-4765-B16A-A63AE5084797}.Release|Any CPU.Build.0 = Release|Any CPU
		{EB200AA2-91AE-48B9-97F2-D3345ABBF0D6}.Debug|Any CPU.ActiveCfg = Debug|Any CPU
		{EB200AA2-91AE-48B9-97F2-D3345ABBF0D6}.Debug|Any CPU.Build.0 = Debug|Any CPU
		{EB200AA2-91AE-48B9-97F2-D3345ABBF0D6}.Release|Any CPU.ActiveCfg = Release|Any CPU
		{EB200AA2-91AE-48B9-97F2-D3345ABBF0D6}.Release|Any CPU.Build.0 = Release|Any CPU
		{BF20EE39-EF7D-4A2D-82A8-3677AEAA33E4}.Debug|Any CPU.ActiveCfg = Debug|Any CPU
		{BF20EE39-EF7D-4A2D-82A8-3677AEAA33E4}.Debug|Any CPU.Build.0 = Debug|Any CPU
		{BF20EE39-EF7D-4A2D-82A8-3677AEAA33E4}.Release|Any CPU.ActiveCfg = Release|Any CPU
		{BF20EE39-EF7D-4A2D-82A8-3677AEAA33E4}.Release|Any CPU.Build.0 = Release|Any CPU
	EndGlobalSection
	GlobalSection(SolutionProperties) = preSolution
		HideSolutionNode = FALSE
	EndGlobalSection
	GlobalSection(ExtensibilityGlobals) = postSolution
		SolutionGuid = {94712670-84FD-4397-8A59-45BAE0EFB03B}
	EndGlobalSection
EndGlobal
