
Microsoft Visual Studio Solution File, Format Version 12.00
# Visual Studio Version 16
VisualStudioVersion = 16.0.31402.337
MinimumVisualStudioVersion = 10.0.40219.1
Project("{FAE04EC0-301F-11D3-BF4B-00C04F79EFBC}") = "OldBooks", "OldBooks\OldBooks.csproj", "{3BD2A29E-16D3-4CBB-B447-72198CD1D90F}"
EndProject
Global
	GlobalSection(SolutionConfigurationPlatforms) = preSolution
		Debug|Any CPU = Debug|Any CPU
		Release|Any CPU = Release|Any CPU
	EndGlobalSection
	GlobalSection(ProjectConfigurationPlatforms) = postSolution
		{3BD2A29E-16D3-4CBB-B447-72198CD1D90F}.Debug|Any CPU.ActiveCfg = Debug|Any CPU
		{3BD2A29E-16D3-4CBB-B447-72198CD1D90F}.Debug|Any CPU.Build.0 = Debug|Any CPU
		{3BD2A29E-16D3-4CBB-B447-72198CD1D90F}.Release|Any CPU.ActiveCfg = Release|Any CPU
		{3BD2A29E-16D3-4CBB-B447-72198CD1D90F}.Release|Any CPU.Build.0 = Release|Any CPU
	EndGlobalSection
	GlobalSection(SolutionProperties) = preSolution
		HideSolutionNode = FALSE
	EndGlobalSection
	GlobalSection(ExtensibilityGlobals) = postSolution
		SolutionGuid = {3F47FCD2-79E1-4498-B8EC-CB2D6D333929}
	EndGlobalSection
EndGlobal
