
Microsoft Visual Studio Solution File, Format Version 12.00
# Visual Studio Version 16
VisualStudioVersion = 16.0.32002.261
MinimumVisualStudioVersion = 10.0.40219.1
Project("{FAE04EC0-301F-11D3-BF4B-00C04F79EFBC}") = "WaterOverflow", "WaterOverflow\WaterOverflow.csproj", "{540A3A9C-E9AA-410B-9BB5-912F8A22FB21}"
EndProject
Global
	GlobalSection(SolutionConfigurationPlatforms) = preSolution
		Debug|Any CPU = Debug|Any CPU
		Release|Any CPU = Release|Any CPU
	EndGlobalSection
	GlobalSection(ProjectConfigurationPlatforms) = postSolution
		{540A3A9C-E9AA-410B-9BB5-912F8A22FB21}.Debug|Any CPU.ActiveCfg = Debug|Any CPU
		{540A3A9C-E9AA-410B-9BB5-912F8A22FB21}.Debug|Any CPU.Build.0 = Debug|Any CPU
		{540A3A9C-E9AA-410B-9BB5-912F8A22FB21}.Release|Any CPU.ActiveCfg = Release|Any CPU
		{540A3A9C-E9AA-410B-9BB5-912F8A22FB21}.Release|Any CPU.Build.0 = Release|Any CPU
	EndGlobalSection
	GlobalSection(SolutionProperties) = preSolution
		HideSolutionNode = FALSE
	EndGlobalSection
	GlobalSection(ExtensibilityGlobals) = postSolution
		SolutionGuid = {B5451ED1-48DB-4A03-B023-79286769B6E7}
	EndGlobalSection
EndGlobal
