
Microsoft Visual Studio Solution File, Format Version 12.00
# Visual Studio Version 16
VisualStudioVersion = 16.0.32002.261
MinimumVisualStudioVersion = 10.0.40219.1
Project("{FAE04EC0-301F-11D3-BF4B-00C04F79EFBC}") = "Pokemon", "Pokemon\Pokemon.csproj", "{9DA6E9EB-5CED-466B-9A99-D5BD97A5C869}"
EndProject
Global
	GlobalSection(SolutionConfigurationPlatforms) = preSolution
		Debug|Any CPU = Debug|Any CPU
		Release|Any CPU = Release|Any CPU
	EndGlobalSection
	GlobalSection(ProjectConfigurationPlatforms) = postSolution
		{9DA6E9EB-5CED-466B-9A99-D5BD97A5C869}.Debug|Any CPU.ActiveCfg = Debug|Any CPU
		{9DA6E9EB-5CED-466B-9A99-D5BD97A5C869}.Debug|Any CPU.Build.0 = Debug|Any CPU
		{9DA6E9EB-5CED-466B-9A99-D5BD97A5C869}.Release|Any CPU.ActiveCfg = Release|Any CPU
		{9DA6E9EB-5CED-466B-9A99-D5BD97A5C869}.Release|Any CPU.Build.0 = Release|Any CPU
	EndGlobalSection
	GlobalSection(SolutionProperties) = preSolution
		HideSolutionNode = FALSE
	EndGlobalSection
	GlobalSection(ExtensibilityGlobals) = postSolution
		SolutionGuid = {519A5886-7438-470F-88CC-C13F0273CBE7}
	EndGlobalSection
EndGlobal
