
Microsoft Visual Studio Solution File, Format Version 12.00
# Visual Studio Version 16
VisualStudioVersion = 16.0.32002.261
MinimumVisualStudioVersion = 10.0.40219.1
Project("{FAE04EC0-301F-11D3-BF4B-00C04F79EFBC}") = "Snowballs", "Snowballs\Snowballs.csproj", "{BA2906F3-FBB5-4483-934B-E70500824552}"
EndProject
Global
	GlobalSection(SolutionConfigurationPlatforms) = preSolution
		Debug|Any CPU = Debug|Any CPU
		Release|Any CPU = Release|Any CPU
	EndGlobalSection
	GlobalSection(ProjectConfigurationPlatforms) = postSolution
		{BA2906F3-FBB5-4483-934B-E70500824552}.Debug|Any CPU.ActiveCfg = Debug|Any CPU
		{BA2906F3-FBB5-4483-934B-E70500824552}.Debug|Any CPU.Build.0 = Debug|Any CPU
		{BA2906F3-FBB5-4483-934B-E70500824552}.Release|Any CPU.ActiveCfg = Release|Any CPU
		{BA2906F3-FBB5-4483-934B-E70500824552}.Release|Any CPU.Build.0 = Release|Any CPU
	EndGlobalSection
	GlobalSection(SolutionProperties) = preSolution
		HideSolutionNode = FALSE
	EndGlobalSection
	GlobalSection(ExtensibilityGlobals) = postSolution
		SolutionGuid = {DFDA057B-2F64-4673-9E55-3FCD4E128EEC}
	EndGlobalSection
EndGlobal
