
Microsoft Visual Studio Solution File, Format Version 12.00
# Visual Studio Version 16
VisualStudioVersion = 16.0.32126.315
MinimumVisualStudioVersion = 10.0.40219.1
Project("{FAE04EC0-301F-11D3-BF4B-00C04F79EFBC}") = "01. Advertisement Message", "01. Advertisement Message\01. Advertisement Message.csproj", "{220C320E-14C0-40E7-85CC-3DF8B3F090E5}"
EndProject
Global
	GlobalSection(SolutionConfigurationPlatforms) = preSolution
		Debug|Any CPU = Debug|Any CPU
		Release|Any CPU = Release|Any CPU
	EndGlobalSection
	GlobalSection(ProjectConfigurationPlatforms) = postSolution
		{220C320E-14C0-40E7-85CC-3DF8B3F090E5}.Debug|Any CPU.ActiveCfg = Debug|Any CPU
		{220C320E-14C0-40E7-85CC-3DF8B3F090E5}.Debug|Any CPU.Build.0 = Debug|Any CPU
		{220C320E-14C0-40E7-85CC-3DF8B3F090E5}.Release|Any CPU.ActiveCfg = Release|Any CPU
		{220C320E-14C0-40E7-85CC-3DF8B3F090E5}.Release|Any CPU.Build.0 = Release|Any CPU
	EndGlobalSection
	GlobalSection(SolutionProperties) = preSolution
		HideSolutionNode = FALSE
	EndGlobalSection
	GlobalSection(ExtensibilityGlobals) = postSolution
		SolutionGuid = {D25C543C-DE2C-44F1-B910-9DA4CC704FA8}
	EndGlobalSection
EndGlobal
