
Microsoft Visual Studio Solution File, Format Version 12.00
# Visual Studio Version 16
VisualStudioVersion = 16.0.31402.337
MinimumVisualStudioVersion = 10.0.40219.1
Project("{FAE04EC0-301F-11D3-BF4B-00C04F79EFBC}") = "ProjectsCreation", "ProjectsCreation\ProjectsCreation.csproj", "{CF854634-C309-4E31-A490-525BAEBBA7E3}"
EndProject
Global
	GlobalSection(SolutionConfigurationPlatforms) = preSolution
		Debug|Any CPU = Debug|Any CPU
		Release|Any CPU = Release|Any CPU
	EndGlobalSection
	GlobalSection(ProjectConfigurationPlatforms) = postSolution
		{CF854634-C309-4E31-A490-525BAEBBA7E3}.Debug|Any CPU.ActiveCfg = Debug|Any CPU
		{CF854634-C309-4E31-A490-525BAEBBA7E3}.Debug|Any CPU.Build.0 = Debug|Any CPU
		{CF854634-C309-4E31-A490-525BAEBBA7E3}.Release|Any CPU.ActiveCfg = Release|Any CPU
		{CF854634-C309-4E31-A490-525BAEBBA7E3}.Release|Any CPU.Build.0 = Release|Any CPU
	EndGlobalSection
	GlobalSection(SolutionProperties) = preSolution
		HideSolutionNode = FALSE
	EndGlobalSection
	GlobalSection(ExtensibilityGlobals) = postSolution
		SolutionGuid = {D08D8B73-E23E-4FA3-94BD-D94489B80188}
	EndGlobalSection
EndGlobal
