
Microsoft Visual Studio Solution File, Format Version 12.00
# Visual Studio Version 16
VisualStudioVersion = 16.0.32126.315
MinimumVisualStudioVersion = 10.0.40219.1
Project("{FAE04EC0-301F-11D3-BF4B-00C04F79EFBC}") = "03. Bakery Shop", "03. Bakery Shop\03. Bakery Shop.csproj", "{2FBB876E-C202-425E-A23B-16645A5C6F6C}"
EndProject
Global
	GlobalSection(SolutionConfigurationPlatforms) = preSolution
		Debug|Any CPU = Debug|Any CPU
		Release|Any CPU = Release|Any CPU
	EndGlobalSection
	GlobalSection(ProjectConfigurationPlatforms) = postSolution
		{2FBB876E-C202-425E-A23B-16645A5C6F6C}.Debug|Any CPU.ActiveCfg = Debug|Any CPU
		{2FBB876E-C202-425E-A23B-16645A5C6F6C}.Debug|Any CPU.Build.0 = Debug|Any CPU
		{2FBB876E-C202-425E-A23B-16645A5C6F6C}.Release|Any CPU.ActiveCfg = Release|Any CPU
		{2FBB876E-C202-425E-A23B-16645A5C6F6C}.Release|Any CPU.Build.0 = Release|Any CPU
	EndGlobalSection
	GlobalSection(SolutionProperties) = preSolution
		HideSolutionNode = FALSE
	EndGlobalSection
	GlobalSection(ExtensibilityGlobals) = postSolution
		SolutionGuid = {272A5A05-F6EA-4D4E-853F-3854A9B5B4D4}
	EndGlobalSection
EndGlobal
