
Microsoft Visual Studio Solution File, Format Version 12.00
# Visual Studio Version 16
VisualStudioVersion = 16.0.32002.261
MinimumVisualStudioVersion = 10.0.40219.1
Project("{FAE04EC0-301F-11D3-BF4B-00C04F79EFBC}") = "StrongNumber", "StrongNumber\StrongNumber.csproj", "{AB7B8225-FD9E-42AB-B4A5-A9E3B289BAB0}"
EndProject
Global
	GlobalSection(SolutionConfigurationPlatforms) = preSolution
		Debug|Any CPU = Debug|Any CPU
		Release|Any CPU = Release|Any CPU
	EndGlobalSection
	GlobalSection(ProjectConfigurationPlatforms) = postSolution
		{AB7B8225-FD9E-42AB-B4A5-A9E3B289BAB0}.Debug|Any CPU.ActiveCfg = Debug|Any CPU
		{AB7B8225-FD9E-42AB-B4A5-A9E3B289BAB0}.Debug|Any CPU.Build.0 = Debug|Any CPU
		{AB7B8225-FD9E-42AB-B4A5-A9E3B289BAB0}.Release|Any CPU.ActiveCfg = Release|Any CPU
		{AB7B8225-FD9E-42AB-B4A5-A9E3B289BAB0}.Release|Any CPU.Build.0 = Release|Any CPU
	EndGlobalSection
	GlobalSection(SolutionProperties) = preSolution
		HideSolutionNode = FALSE
	EndGlobalSection
	GlobalSection(ExtensibilityGlobals) = postSolution
		SolutionGuid = {1CC109C1-320E-497E-839A-7B4DC3764EED}
	EndGlobalSection
EndGlobal
