
Microsoft Visual Studio Solution File, Format Version 12.00
# Visual Studio Version 16
VisualStudioVersion = 16.0.31402.337
MinimumVisualStudioVersion = 10.0.40219.1
Project("{FAE04EC0-301F-11D3-BF4B-00C04F79EFBC}") = "NumbersEndingin7", "NumbersEndingin7\NumbersEndingin7.csproj", "{5C7F22AD-FEE3-4954-A4C4-CD98F37A905D}"
EndProject
Global
	GlobalSection(SolutionConfigurationPlatforms) = preSolution
		Debug|Any CPU = Debug|Any CPU
		Release|Any CPU = Release|Any CPU
	EndGlobalSection
	GlobalSection(ProjectConfigurationPlatforms) = postSolution
		{5C7F22AD-FEE3-4954-A4C4-CD98F37A905D}.Debug|Any CPU.ActiveCfg = Debug|Any CPU
		{5C7F22AD-FEE3-4954-A4C4-CD98F37A905D}.Debug|Any CPU.Build.0 = Debug|Any CPU
		{5C7F22AD-FEE3-4954-A4C4-CD98F37A905D}.Release|Any CPU.ActiveCfg = Release|Any CPU
		{5C7F22AD-FEE3-4954-A4C4-CD98F37A905D}.Release|Any CPU.Build.0 = Release|Any CPU
	EndGlobalSection
	GlobalSection(SolutionProperties) = preSolution
		HideSolutionNode = FALSE
	EndGlobalSection
	GlobalSection(ExtensibilityGlobals) = postSolution
		SolutionGuid = {AD095482-3838-4054-B3F0-AFD128BBCD93}
	EndGlobalSection
EndGlobal
