
Microsoft Visual Studio Solution File, Format Version 12.00
# Visual Studio Version 16
VisualStudioVersion = 16.0.31402.337
MinimumVisualStudioVersion = 10.0.40219.1
Project("{FAE04EC0-301F-11D3-BF4B-00C04F79EFBC}") = "Numbers1.NwithStep3", "Numbers1.NwithStep3\Numbers1.NwithStep3.csproj", "{87457CEE-4C38-4268-8395-9EA5F3B2B38A}"
EndProject
Global
	GlobalSection(SolutionConfigurationPlatforms) = preSolution
		Debug|Any CPU = Debug|Any CPU
		Release|Any CPU = Release|Any CPU
	EndGlobalSection
	GlobalSection(ProjectConfigurationPlatforms) = postSolution
		{87457CEE-4C38-4268-8395-9EA5F3B2B38A}.Debug|Any CPU.ActiveCfg = Debug|Any CPU
		{87457CEE-4C38-4268-8395-9EA5F3B2B38A}.Debug|Any CPU.Build.0 = Debug|Any CPU
		{87457CEE-4C38-4268-8395-9EA5F3B2B38A}.Release|Any CPU.ActiveCfg = Release|Any CPU
		{87457CEE-4C38-4268-8395-9EA5F3B2B38A}.Release|Any CPU.Build.0 = Release|Any CPU
	EndGlobalSection
	GlobalSection(SolutionProperties) = preSolution
		HideSolutionNode = FALSE
	EndGlobalSection
	GlobalSection(ExtensibilityGlobals) = postSolution
		SolutionGuid = {727FDD29-DD61-40F9-BF9F-3974E0C0C385}
	EndGlobalSection
EndGlobal
