
Microsoft Visual Studio Solution File, Format Version 12.00
# Visual Studio Version 16
VisualStudioVersion = 16.0.31402.337
MinimumVisualStudioVersion = 10.0.40219.1
Project("{FAE04EC0-301F-11D3-BF4B-00C04F79EFBC}") = "Substitute", "Substitute\Substitute.csproj", "{62D3321D-6072-4B77-B5E5-FAEB0071B954}"
EndProject
Global
	GlobalSection(SolutionConfigurationPlatforms) = preSolution
		Debug|Any CPU = Debug|Any CPU
		Release|Any CPU = Release|Any CPU
	EndGlobalSection
	GlobalSection(ProjectConfigurationPlatforms) = postSolution
		{62D3321D-6072-4B77-B5E5-FAEB0071B954}.Debug|Any CPU.ActiveCfg = Debug|Any CPU
		{62D3321D-6072-4B77-B5E5-FAEB0071B954}.Debug|Any CPU.Build.0 = Debug|Any CPU
		{62D3321D-6072-4B77-B5E5-FAEB0071B954}.Release|Any CPU.ActiveCfg = Release|Any CPU
		{62D3321D-6072-4B77-B5E5-FAEB0071B954}.Release|Any CPU.Build.0 = Release|Any CPU
	EndGlobalSection
	GlobalSection(SolutionProperties) = preSolution
		HideSolutionNode = FALSE
	EndGlobalSection
	GlobalSection(ExtensibilityGlobals) = postSolution
		SolutionGuid = {00AB01EB-ACA8-452F-813C-7484521C2ED8}
	EndGlobalSection
EndGlobal
