
Microsoft Visual Studio Solution File, Format Version 12.00
# Visual Studio Version 16
VisualStudioVersion = 16.0.32510.428
MinimumVisualStudioVersion = 10.0.40219.1
Project("{FAE04EC0-301F-11D3-BF4B-00C04F79EFBC}") = "01.SingleInheritance", "01.SingleInheritance\01.SingleInheritance.csproj", "{5D79C991-136F-4D0E-B3D6-BC52C3381BE9}"
EndProject
Project("{FAE04EC0-301F-11D3-BF4B-00C04F79EFBC}") = "CustomRandomList", "CustomRandomList\CustomRandomList.csproj", "{B67493E6-73FC-4989-85FA-4FBDCC2E9D5A}"
EndProject
Project("{FAE04EC0-301F-11D3-BF4B-00C04F79EFBC}") = "CustomStack", "CustomStack\CustomStack.csproj", "{D1EBEFBE-1B99-4DF4-B55B-DE09AF42B19E}"
EndProject
Global
	GlobalSection(SolutionConfigurationPlatforms) = preSolution
		Debug|Any CPU = Debug|Any CPU
		Release|Any CPU = Release|Any CPU
	EndGlobalSection
	GlobalSection(ProjectConfigurationPlatforms) = postSolution
		{5D79C991-136F-4D0E-B3D6-BC52C3381BE9}.Debug|Any CPU.ActiveCfg = Debug|Any CPU
		{5D79C991-136F-4D0E-B3D6-BC52C3381BE9}.Debug|Any CPU.Build.0 = Debug|Any CPU
		{5D79C991-136F-4D0E-B3D6-BC52C3381BE9}.Release|Any CPU.ActiveCfg = Release|Any CPU
		{5D79C991-136F-4D0E-B3D6-BC52C3381BE9}.Release|Any CPU.Build.0 = Release|Any CPU
		{B67493E6-73FC-4989-85FA-4FBDCC2E9D5A}.Debug|Any CPU.ActiveCfg = Debug|Any CPU
		{B67493E6-73FC-4989-85FA-4FBDCC2E9D5A}.Debug|Any CPU.Build.0 = Debug|Any CPU
		{B67493E6-73FC-4989-85FA-4FBDCC2E9D5A}.Release|Any CPU.ActiveCfg = Release|Any CPU
		{B67493E6-73FC-4989-85FA-4FBDCC2E9D5A}.Release|Any CPU.Build.0 = Release|Any CPU
		{D1EBEFBE-1B99-4DF4-B55B-DE09AF42B19E}.Debug|Any CPU.ActiveCfg = Debug|Any CPU
		{D1EBEFBE-1B99-4DF4-B55B-DE09AF42B19E}.Debug|Any CPU.Build.0 = Debug|Any CPU
		{D1EBEFBE-1B99-4DF4-B55B-DE09AF42B19E}.Release|Any CPU.ActiveCfg = Release|Any CPU
		{D1EBEFBE-1B99-4DF4-B55B-DE09AF42B19E}.Release|Any CPU.Build.0 = Release|Any CPU
	EndGlobalSection
	GlobalSection(SolutionProperties) = preSolution
		HideSolutionNode = FALSE
	EndGlobalSection
	GlobalSection(ExtensibilityGlobals) = postSolution
		SolutionGuid = {14152CF0-81CE-4F98-8854-0DFA5573C765}
	EndGlobalSection
EndGlobal
