
Microsoft Visual Studio Solution File, Format Version 12.00
# Visual Studio Version 16
VisualStudioVersion = 16.0.32002.261
MinimumVisualStudioVersion = 10.0.40219.1
Project("{FAE04EC0-301F-11D3-BF4B-00C04F79EFBC}") = "MonthPrinter", "MonthPrinter\MonthPrinter.csproj", "{030171A3-6826-481D-9152-B190E6BBB3B3}"
EndProject
Global
	GlobalSection(SolutionConfigurationPlatforms) = preSolution
		Debug|Any CPU = Debug|Any CPU
		Release|Any CPU = Release|Any CPU
	EndGlobalSection
	GlobalSection(ProjectConfigurationPlatforms) = postSolution
		{030171A3-6826-481D-9152-B190E6BBB3B3}.Debug|Any CPU.ActiveCfg = Debug|Any CPU
		{030171A3-6826-481D-9152-B190E6BBB3B3}.Debug|Any CPU.Build.0 = Debug|Any CPU
		{030171A3-6826-481D-9152-B190E6BBB3B3}.Release|Any CPU.ActiveCfg = Release|Any CPU
		{030171A3-6826-481D-9152-B190E6BBB3B3}.Release|Any CPU.Build.0 = Release|Any CPU
	EndGlobalSection
	GlobalSection(SolutionProperties) = preSolution
		HideSolutionNode = FALSE
	EndGlobalSection
	GlobalSection(ExtensibilityGlobals) = postSolution
		SolutionGuid = {FB27983F-F965-4B79-8643-350C2957F003}
	EndGlobalSection
EndGlobal
