
Microsoft Visual Studio Solution File, Format Version 12.00
# Visual Studio Version 16
VisualStudioVersion = 16.0.32002.261
MinimumVisualStudioVersion = 10.0.40219.1
Project("{FAE04EC0-301F-11D3-BF4B-00C04F79EFBC}") = "03.RoundingNumbers", "03.RoundingNumbers\03.RoundingNumbers.csproj", "{21860CF3-3CE6-4E0C-9E03-2C3EC05DC552}"
EndProject
Global
	GlobalSection(SolutionConfigurationPlatforms) = preSolution
		Debug|Any CPU = Debug|Any CPU
		Release|Any CPU = Release|Any CPU
	EndGlobalSection
	GlobalSection(ProjectConfigurationPlatforms) = postSolution
		{21860CF3-3CE6-4E0C-9E03-2C3EC05DC552}.Debug|Any CPU.ActiveCfg = Debug|Any CPU
		{21860CF3-3CE6-4E0C-9E03-2C3EC05DC552}.Debug|Any CPU.Build.0 = Debug|Any CPU
		{21860CF3-3CE6-4E0C-9E03-2C3EC05DC552}.Release|Any CPU.ActiveCfg = Release|Any CPU
		{21860CF3-3CE6-4E0C-9E03-2C3EC05DC552}.Release|Any CPU.Build.0 = Release|Any CPU
	EndGlobalSection
	GlobalSection(SolutionProperties) = preSolution
		HideSolutionNode = FALSE
	EndGlobalSection
	GlobalSection(ExtensibilityGlobals) = postSolution
		SolutionGuid = {6985B27D-DF91-4A40-8473-FCCAC835202D}
	EndGlobalSection
EndGlobal
